// !$*UTF8*$!
{
	archiveVersion = 1;
	classes = {
	};
	objectVersion = 42;
	objects = {

/* Begin PBXBuildFile section */
		7E12EA982EA9B29000EEC84B /* PDACPIPlatformExpertOverrides.cpp in Sources */ = {isa = PBXBuildFile; fileRef = 7E12EA972EA9B29000EEC84B /* PDACPIPlatformExpertOverrides.cpp */; };
		7E5EE1382EAC8277006AF949 /* PDACPIPCIRootComplex.h in Headers */ = {isa = PBXBuildFile; fileRef = 7E5EE1372EAC8277006AF949 /* PDACPIPCIRootComplex.h */; };
		7E5EE13A2EAC8277006AF949 /* PDACPIPCIRootComplex.cpp in Sources */ = {isa = PBXBuildFile; fileRef = 7E5EE1392EAC8277006AF949 /* PDACPIPCIRootComplex.cpp */; };
		F01A4A932DE12FE100349FD5 /* PDACPIPlatformExpert.cpp in Sources */ = {isa = PBXBuildFile; fileRef = F01A4A342DE12FE100349FD5 /* PDACPIPlatformExpert.cpp */; };
		F01A4ACF2DE12FE100349FD5 /* PDACPICPU.cpp in Sources */ = {isa = PBXBuildFile; fileRef = F01A4A332DE12FE100349FD5 /* PDACPICPU.cpp */; };
		F01A4B692DE12FE100349FD5 /* PDACPICPU.h in Headers */ = {isa = PBXBuildFile; fileRef = F01A4B5F2DE12FE100349FD5 /* PDACPICPU.h */; };
		F01A4B7A2DE12FE100349FD5 /* pci_config_access.h in Headers */ = {isa = PBXBuildFile; fileRef = F01A4B5E2DE12FE100349FD5 /* pci_config_access.h */; };
		F01A4B852DE12FE100349FD5 /* PDACPIPlatformExpert.h in Headers */ = {isa = PBXBuildFile; fileRef = F01A4B602DE12FE100349FD5 /* PDACPIPlatformExpert.h */; };
		F02692622DED901800349FD5 /* PDACPICPUInterruptController.h in Headers */ = {isa = PBXBuildFile; fileRef = F02692602DED901800349FD5 /* PDACPICPUInterruptController.h */; };
		F02692632DED901800349FD5 /* PDACPICPUInterruptController.cpp in Sources */ = {isa = PBXBuildFile; fileRef = F02692612DED901800349FD5 /* PDACPICPUInterruptController.cpp */; };
		F043C1642DE30E1F00349FD5 /* PDACPIRTC.kext in CopyFiles */ = {isa = PBXBuildFile; fileRef = F043C1562DE30CDC00349FD5 /* PDACPIRTC.kext */; settings = {ATTRIBUTES = (CodeSignOnCopy, ); }; };
		F043C16A2DE30E2E00349FD5 /* PDACPIRTC.cpp in Sources */ = {isa = PBXBuildFile; fileRef = F043C1672DE30E2E00349FD5 /* PDACPIRTC.cpp */; };
		F043C16B2DE30E2E00349FD5 /* PDACPIRTC.h in Headers */ = {isa = PBXBuildFile; fileRef = F043C1662DE30E2E00349FD5 /* PDACPIRTC.h */; };
		F0560E5C2F77BA42008C49FA /* sleep.h in Headers */ = {isa = PBXBuildFile; fileRef = F0560E172F77BA41008C49FA /* sleep.h */; };
		F0560E5D2F77BA42008C49FA /* status.h in Headers */ = {isa = PBXBuildFile; fileRef = F0560E182F77BA41008C49FA /* status.h */; };
		F0560E5E2F77BA42008C49FA /* resources.h in Headers */ = {isa = PBXBuildFile; fileRef = F0560E192F77BA41008C49FA /* resources.h */; };
		F0560E5F2F77BA42008C49FA /* event.h in Headers */ = {isa = PBXBuildFile; fileRef = F0560E1A2F77BA41008C49FA /* event.h */; };
		F0560E602F77BA42008C49FA /* types.h in Headers */ = {isa = PBXBuildFile; fileRef = F0560E1B2F77BA41008C49FA /* types.h */; };
		F0560E612F77BA42008C49FA /* compiler.h in Headers */ = {isa = PBXBuildFile; fileRef = F0560E1D2F77BA41008C49FA /* compiler.h */; };
		F0560E622F77BA42008C49FA /* config.h in Headers */ = {isa = PBXBuildFile; fileRef = F0560E1E2F77BA41008C49FA /* config.h */; };
		F0560E632F77BA42008C49FA /* types.h in Headers */ = {isa = PBXBuildFile; fileRef = F0560E1F2F77BA41008C49FA /* types.h */; };
		F0560E642F77BA42008C49FA /* libc.h in Headers */ = {isa = PBXBuildFile; fileRef = F0560E202F77BA41008C49FA /* libc.h */; };
		F0560E652F77BA42008C49FA /* arch_helpers.h in Headers */ = {isa = PBXBuildFile; fileRef = F0560E212F77BA41008C49FA /* arch_helpers.h */; };
		F0560E662F77BA42008C49FA /* atomic.h in Headers */ = {isa = PBXBuildFile; fileRef = F0560E222F77BA41008C49FA /* atomic.h */; };
		F0560E672F77BA42008C49FA /* utilities.h in Headers */ = {isa = PBXBuildFile; fileRef = F0560E232F77BA41008C49FA /* utilities.h */; };
		F0560E682F77BA42008C49FA /* context.h in Headers */ = {isa = PBXBuildFile; fileRef = F0560E242F77BA41008C49FA /* context.h */; };
		F0560E692F77BA42008C49FA /* stdlib.h in Headers */ = {isa = PBXBuildFile; fileRef = F0560E262F77BA41008C49FA /* stdlib.h */; };
		F0560E6A2F77BA42008C49FA /* resources.h in Headers */ = {isa = PBXBuildFile; fileRef = F0560E272F77BA41008C49FA /* resources.h */; };
		F0560E6B2F77BA42008C49FA /* compiler.h in Headers */ = {isa = PBXBuildFile; fileRef = F0560E282F77BA41008C49FA /* compiler.h */; };
		F0560E6C2F77BA42008C49FA /* shareable.h in Headers */ = {isa = PBXBuildFile; fileRef = F0560E292F77BA41008C49FA /* shareable.h */; };
		F0560E6D2F77BA42008C49FA /* event.h in Headers */ = {isa = PBXBuildFile; fileRef = F0560E2A2F77BA41008C49FA /* event.h */; };
		F0560E6E2F77BA42008C49FA /* types.h in Headers */ = {isa = PBXBuildFile; fileRef = F0560E2B2F77BA41008C49FA /* types.h */; };
		F0560E6F2F77BA42008C49FA /* interpreter.h in Headers */ = {isa = PBXBuildFile; fileRef = F0560E2C2F77BA42008C49FA /* interpreter.h */; };
		F0560E702F77BA42008C49FA /* dynamic_array.h in Headers */ = {isa = PBXBuildFile; fileRef = F0560E2D2F77BA42008C49FA /* dynamic_array.h */; };
		F0560E712F77BA42008C49FA /* utilities.h in Headers */ = {isa = PBXBuildFile; fileRef = F0560E2E2F77BA42008C49FA /* utilities.h */; };
		F0560E722F77BA42008C49FA /* context.h in Headers */ = {isa = PBXBuildFile; fileRef = F0560E2F2F77BA42008C49FA /* context.h */; };
		F0560E732F77BA42008C49FA /* namespace.h in Headers */ = {isa = PBXBuildFile; fileRef = F0560E302F77BA42008C49FA /* namespace.h */; };
		F0560E742F77BA42008C49FA /* opcodes.h in Headers */ = {isa = PBXBuildFile; fileRef = F0560E312F77BA42008C49FA /* opcodes.h */; };
		F0560E752F77BA42008C49FA /* registers.h in Headers */ = {isa = PBXBuildFile; fileRef = F0560E322F77BA42008C49FA /* registers.h */; };
		F0560E762F77BA42008C49FA /* notify.h in Headers */ = {isa = PBXBuildFile; fileRef = F0560E332F77BA42008C49FA /* notify.h */; };
		F0560E772F77BA42008C49FA /* osi.h in Headers */ = {isa = PBXBuildFile; fileRef = F0560E342F77BA42008C49FA /* osi.h */; };
		F0560E782F77BA42008C49FA /* tables.h in Headers */ = {isa = PBXBuildFile; fileRef = F0560E352F77BA42008C49FA /* tables.h */; };
		F0560E792F77BA42008C49FA /* log.h in Headers */ = {isa = PBXBuildFile; fileRef = F0560E362F77BA42008C49FA /* log.h */; };
		F0560E7A2F77BA42008C49FA /* io.h in Headers */ = {isa = PBXBuildFile; fileRef = F0560E372F77BA42008C49FA /* io.h */; };
		F0560E7B2F77BA42008C49FA /* opregion.h in Headers */ = {isa = PBXBuildFile; fileRef = F0560E382F77BA42008C49FA /* opregion.h */; };
		F0560E7C2F77BA42008C49FA /* mutex.h in Headers */ = {isa = PBXBuildFile; fileRef = F0560E392F77BA42008C49FA /* mutex.h */; };
		F0560E7D2F77BA42008C49FA /* helpers.h in Headers */ = {isa = PBXBuildFile; fileRef = F0560E3A2F77BA42008C49FA /* helpers.h */; };
		F0560E7E2F77BA42008C49FA /* acpi.h in Headers */ = {isa = PBXBuildFile; fileRef = F0560E3B2F77BA42008C49FA /* acpi.h */; };
		F0560E7F2F77BA42008C49FA /* namespace.h in Headers */ = {isa = PBXBuildFile; fileRef = F0560E3C2F77BA42008C49FA /* namespace.h */; };
		F0560E802F77BA42008C49FA /* uacpi.h in Headers */ = {isa = PBXBuildFile; fileRef = F0560E3D2F77BA42008C49FA /* uacpi.h */; };
		F0560E812F77BA42008C49FA /* registers.h in Headers */ = {isa = PBXBuildFile; fileRef = F0560E3E2F77BA42008C49FA /* registers.h */; };
		F0560E822F77BA42008C49FA /* notify.h in Headers */ = {isa = PBXBuildFile; fileRef = F0560E3F2F77BA42008C49FA /* notify.h */; };
		F0560E832F77BA42008C49FA /* osi.h in Headers */ = {isa = PBXBuildFile; fileRef = F0560E402F77BA42008C49FA /* osi.h */; };
		F0560E842F77BA42008C49FA /* tables.h in Headers */ = {isa = PBXBuildFile; fileRef = F0560E412F77BA42008C49FA /* tables.h */; };
		F0560E852F77BA42008C49FA /* kernel_api.h in Headers */ = {isa = PBXBuildFile; fileRef = F0560E422F77BA42008C49FA /* kernel_api.h */; };
		F0560E862F77BA42008C49FA /* log.h in Headers */ = {isa = PBXBuildFile; fileRef = F0560E432F77BA42008C49FA /* log.h */; };
		F0560E872F77BA42008C49FA /* io.h in Headers */ = {isa = PBXBuildFile; fileRef = F0560E442F77BA42008C49FA /* io.h */; };
		F0560E882F77BA42008C49FA /* opregion.h in Headers */ = {isa = PBXBuildFile; fileRef = F0560E452F77BA42008C49FA /* opregion.h */; };
		F0560E892F77BA42008C49FA /* helpers.h in Headers */ = {isa = PBXBuildFile; fileRef = F0560E462F77BA42008C49FA /* helpers.h */; };
		F0560E8A2F77BA42008C49FA /* osi.c in Sources */ = {isa = PBXBuildFile; fileRef = F0560E482F77BA42008C49FA /* osi.c */; };
		F0560E8B2F77BA42008C49FA /* tables.c in Sources */ = {isa = PBXBuildFile; fileRef = F0560E492F77BA42008C49FA /* tables.c */; };
		F0560E8C2F77BA42008C49FA /* opregion.c in Sources */ = {isa = PBXBuildFile; fileRef = F0560E4A2F77BA42008C49FA /* opregion.c */; };
		F0560E8D2F77BA42008C49FA /* io.c in Sources */ = {isa = PBXBuildFile; fileRef = F0560E4B2F77BA42008C49FA /* io.c */; };
		F0560E8E2F77BA42008C49FA /* mutex.c in Sources */ = {isa = PBXBuildFile; fileRef = F0560E4C2F77BA42008C49FA /* mutex.c */; };
		F0560E8F2F77BA42008C49FA /* default_handlers.c in Sources */ = {isa = PBXBuildFile; fileRef = F0560E4D2F77BA42008C49FA /* default_handlers.c */; };
		F0560E902F77BA42008C49FA /* stdlib.c in Sources */ = {isa = PBXBuildFile; fileRef = F0560E4E2F77BA42008C49FA /* stdlib.c */; };
		F0560E912F77BA42008C49FA /* sleep.c in Sources */ = {isa = PBXBuildFile; fileRef = F0560E4F2F77BA42008C49FA /* sleep.c */; };
		F0560E922F77BA42008C49FA /* event.c in Sources */ = {isa = PBXBuildFile; fileRef = F0560E502F77BA42008C49FA /* event.c */; };
		F0560E932F77BA42008C49FA /* types.c in Sources */ = {isa = PBXBuildFile; fileRef = F0560E512F77BA42008C49FA /* types.c */; };
		F0560E942F77BA42008C49FA /* shareable.c in Sources */ = {isa = PBXBuildFile; fileRef = F0560E522F77BA42008C49FA /* shareable.c */; };
		F0560E952F77BA42008C49FA /* resources.c in Sources */ = {isa = PBXBuildFile; fileRef = F0560E532F77BA42008C49FA /* resources.c */; };
		F0560E962F77BA42008C49FA /* utilities.c in Sources */ = {isa = PBXBuildFile; fileRef = F0560E542F77BA42008C49FA /* utilities.c */; };
		F0560E972F77BA42008C49FA /* interpreter.c in Sources */ = {isa = PBXBuildFile; fileRef = F0560E552F77BA42008C49FA /* interpreter.c */; };
		F0560E982F77BA42008C49FA /* registers.c in Sources */ = {isa = PBXBuildFile; fileRef = F0560E562F77BA42008C49FA /* registers.c */; };
		F0560E992F77BA42008C49FA /* notify.c in Sources */ = {isa = PBXBuildFile; fileRef = F0560E572F77BA42008C49FA /* notify.c */; };
		F0560E9A2F77BA42008C49FA /* opcodes.c in Sources */ = {isa = PBXBuildFile; fileRef = F0560E582F77BA42008C49FA /* opcodes.c */; };
		F0560E9B2F77BA42008C49FA /* namespace.c in Sources */ = {isa = PBXBuildFile; fileRef = F0560E592F77BA42008C49FA /* namespace.c */; };
		F0560E9D2F77BA42008C49FA /* uacpi.c in Sources */ = {isa = PBXBuildFile; fileRef = F0560E5B2F77BA42008C49FA /* uacpi.c */; };
		F0560E9F2F77BA8D008C49FA /* uacpi_kernel_xf.cpp in Sources */ = {isa = PBXBuildFile; fileRef = F0560E9E2F77BA8D008C49FA /* uacpi_kernel_xf.cpp */; };
		F0560EA12F77BBAF008C49FA /* README.md in Resources */ = {isa = PBXBuildFile; fileRef = F0560EA02F77BBAF008C49FA /* README.md */; };
		F0560EA62F788BFF008C49FA /* uAcpiStatus2IOKit.cpp in Sources */ = {isa = PBXBuildFile; fileRef = F0560EA52F788BFF008C49FA /* uAcpiStatus2IOKit.cpp */; };
		F07CFB292F7C549E00E313C5 /* PDACPIButtons.h in Headers */ = {isa = PBXBuildFile; fileRef = F07CFB282F7C549E00E313C5 /* PDACPIButtons.h */; };
		F07CFB2B2F7C549E00E313C5 /* PDACPIButtons.cpp in Sources */ = {isa = PBXBuildFile; fileRef = F07CFB2A2F7C549E00E313C5 /* PDACPIButtons.cpp */; };
/* End PBXBuildFile section */

/* Begin PBXCopyFilesBuildPhase section */
		F043C1632DE30E0000349FD5 /* CopyFiles */ = {
			isa = PBXCopyFilesBuildPhase;
			buildActionMask = 2147483647;
			dstPath = PlugIns;
			dstSubfolderSpec = 0;
			files = (
				F043C1642DE30E1F00349FD5 /* PDACPIRTC.kext in CopyFiles */,
			);
			runOnlyForDeploymentPostprocessing = 0;
		};
/* End PBXCopyFilesBuildPhase section */

/* Begin PBXFileReference section */
		7E12EA972EA9B29000EEC84B /* PDACPIPlatformExpertOverrides.cpp */ = {isa = PBXFileReference; lastKnownFileType = sourcecode.cpp.cpp; path = PDACPIPlatformExpertOverrides.cpp; sourceTree = "<group>"; };
		7E5EE1352EAC8277006AF949 /* PDACPIPCIDriver.kext */ = {isa = PBXFileReference; explicitFileType = wrapper.cfbundle; includeInIndex = 0; path = PDACPIPCIDriver.kext; sourceTree = BUILT_PRODUCTS_DIR; };
		7E5EE1372EAC8277006AF949 /* PDACPIPCIRootComplex.h */ = {isa = PBXFileReference; lastKnownFileType = sourcecode.c.h; path = PDACPIPCIRootComplex.h; sourceTree = "<group>"; };
		7E5EE1392EAC8277006AF949 /* PDACPIPCIRootComplex.cpp */ = {isa = PBXFileReference; lastKnownFileType = sourcecode.cpp.cpp; path = PDACPIPCIRootComplex.cpp; sourceTree = "<group>"; };
		7E5EE13B2EAC8277006AF949 /* Info.plist */ = {isa = PBXFileReference; lastKnownFileType = text.plist.xml; path = Info.plist; sourceTree = "<group>"; };
		7E5EE1402EAC877D006AF949 /* IOPCIPrivate.h */ = {isa = PBXFileReference; lastKnownFileType = sourcecode.c.h; path = IOPCIPrivate.h; sourceTree = "<group>"; };
		7E6561412EA75E400051A78A /* PDACPIPlatformPrivate.h */ = {isa = PBXFileReference; lastKnownFileType = sourcecode.c.h; path = PDACPIPlatformPrivate.h; sourceTree = "<group>"; };
		8C084B8D2DC334D60010499B /* PDACPIPlatform.kext */ = {isa = PBXFileReference; explicitFileType = wrapper.cfbundle; includeInIndex = 0; path = PDACPIPlatform.kext; sourceTree = BUILT_PRODUCTS_DIR; };
		F01A4A332DE12FE100349FD5 /* PDACPICPU.cpp */ = {isa = PBXFileReference; lastKnownFileType = sourcecode.cpp.cpp; path = PDACPICPU.cpp; sourceTree = "<group>"; };
		F01A4A342DE12FE100349FD5 /* PDACPIPlatformExpert.cpp */ = {isa = PBXFileReference; lastKnownFileType = sourcecode.cpp.cpp; path = PDACPIPlatformExpert.cpp; sourceTree = "<group>"; };
		F01A4B5E2DE12FE100349FD5 /* pci_config_access.h */ = {isa = PBXFileReference; lastKnownFileType = sourcecode.c.h; path = pci_config_access.h; sourceTree = "<group>"; };
		F01A4B5F2DE12FE100349FD5 /* PDACPICPU.h */ = {isa = PBXFileReference; lastKnownFileType = sourcecode.c.h; path = PDACPICPU.h; sourceTree = "<group>"; };
		F01A4B602DE12FE100349FD5 /* PDACPIPlatformExpert.h */ = {isa = PBXFileReference; lastKnownFileType = sourcecode.c.h; path = PDACPIPlatformExpert.h; sourceTree = "<group>"; };
		F01A4BA62DE12FE100349FD5 /* Info.plist */ = {isa = PBXFileReference; lastKnownFileType = text.plist.xml; path = Info.plist; sourceTree = "<group>"; };
		F01A4BA72DE12FE100349FD5 /* LICENSE.txt */ = {isa = PBXFileReference; lastKnownFileType = text; path = LICENSE.txt; sourceTree = "<group>"; };
		F02692602DED901800349FD5 /* PDACPICPUInterruptController.h */ = {isa = PBXFileReference; lastKnownFileType = sourcecode.c.h; path = PDACPICPUInterruptController.h; sourceTree = "<group>"; };
		F02692612DED901800349FD5 /* PDACPICPUInterruptController.cpp */ = {isa = PBXFileReference; lastKnownFileType = sourcecode.cpp.cpp; path = PDACPICPUInterruptController.cpp; sourceTree = "<group>"; };
		F043C14E2DE2CAF100349FD5 /* IOCPU.h */ = {isa = PBXFileReference; lastKnownFileType = sourcecode.c.h; path = IOCPU.h; sourceTree = "<group>"; };
		F043C14F2DE2CAF100349FD5 /* IOPolledInterface.h */ = {isa = PBXFileReference; lastKnownFileType = sourcecode.c.h; path = IOPolledInterface.h; sourceTree = "<group>"; };
		F043C1562DE30CDC00349FD5 /* PDACPIRTC.kext */ = {isa = PBXFileReference; explicitFileType = wrapper.cfbundle; includeInIndex = 0; path = PDACPIRTC.kext; sourceTree = BUILT_PRODUCTS_DIR; };
		F043C1652DE30E2E00349FD5 /* Info.plist */ = {isa = PBXFileReference; lastKnownFileType = text.plist.xml; path = Info.plist; sourceTree = "<group>"; };
		F043C1662DE30E2E00349FD5 /* PDACPIRTC.h */ = {isa = PBXFileReference; lastKnownFileType = sourcecode.c.h; path = PDACPIRTC.h; sourceTree = "<group>"; };
		F043C1672DE30E2E00349FD5 /* PDACPIRTC.cpp */ = {isa = PBXFileReference; lastKnownFileType = sourcecode.cpp.cpp; path = PDACPIRTC.cpp; sourceTree = "<group>"; };
		F0560E172F77BA41008C49FA /* sleep.h */ = {isa = PBXFileReference; fileEncoding = 4; lastKnownFileType = sourcecode.c.h; path = sleep.h; sourceTree = "<group>"; };
		F0560E182F77BA41008C49FA /* status.h */ = {isa = PBXFileReference; fileEncoding = 4; lastKnownFileType = sourcecode.c.h; path = status.h; sourceTree = "<group>"; };
		F0560E192F77BA41008C49FA /* resources.h */ = {isa = PBXFileReference; fileEncoding = 4; lastKnownFileType = sourcecode.c.h; path = resources.h; sourceTree = "<group>"; };
		F0560E1A2F77BA41008C49FA /* event.h */ = {isa = PBXFileReference; fileEncoding = 4; lastKnownFileType = sourcecode.c.h; path = event.h; sourceTree = "<group>"; };
		F0560E1B2F77BA41008C49FA /* types.h */ = {isa = PBXFileReference; fileEncoding = 4; lastKnownFileType = sourcecode.c.h; path = types.h; sourceTree = "<group>"; };
		F0560E1D2F77BA41008C49FA /* compiler.h */ = {isa = PBXFileReference; fileEncoding = 4; lastKnownFileType = sourcecode.c.h; path = compiler.h; sourceTree = "<group>"; };
		F0560E1E2F77BA41008C49FA /* config.h */ = {isa = PBXFileReference; fileEncoding = 4; lastKnownFileType = sourcecode.c.h; path = config.h; sourceTree = "<group>"; };
		F0560E1F2F77BA41008C49FA /* types.h */ = {isa = PBXFileReference; fileEncoding = 4; lastKnownFileType = sourcecode.c.h; path = types.h; sourceTree = "<group>"; };
		F0560E202F77BA41008C49FA /* libc.h */ = {isa = PBXFileReference; fileEncoding = 4; lastKnownFileType = sourcecode.c.h; path = libc.h; sourceTree = "<group>"; };
		F0560E212F77BA41008C49FA /* arch_helpers.h */ = {isa = PBXFileReference; fileEncoding = 4; lastKnownFileType = sourcecode.c.h; path = arch_helpers.h; sourceTree = "<group>"; };
		F0560E222F77BA41008C49FA /* atomic.h */ = {isa = PBXFileReference; fileEncoding = 4; lastKnownFileType = sourcecode.c.h; path = atomic.h; sourceTree = "<group>"; };
		F0560E232F77BA41008C49FA /* utilities.h */ = {isa = PBXFileReference; fileEncoding = 4; lastKnownFileType = sourcecode.c.h; path = utilities.h; sourceTree = "<group>"; };
		F0560E242F77BA41008C49FA /* context.h */ = {isa = PBXFileReference; fileEncoding = 4; lastKnownFileType = sourcecode.c.h; path = context.h; sourceTree = "<group>"; };
		F0560E262F77BA41008C49FA /* stdlib.h */ = {isa = PBXFileReference; fileEncoding = 4; lastKnownFileType = sourcecode.c.h; path = stdlib.h; sourceTree = "<group>"; };
		F0560E272F77BA41008C49FA /* resources.h */ = {isa = PBXFileReference; fileEncoding = 4; lastKnownFileType = sourcecode.c.h; path = resources.h; sourceTree = "<group>"; };
		F0560E282F77BA41008C49FA /* compiler.h */ = {isa = PBXFileReference; fileEncoding = 4; lastKnownFileType = sourcecode.c.h; path = compiler.h; sourceTree = "<group>"; };
		F0560E292F77BA41008C49FA /* shareable.h */ = {isa = PBXFileReference; fileEncoding = 4; lastKnownFileType = sourcecode.c.h; path = shareable.h; sourceTree = "<group>"; };
		F0560E2A2F77BA41008C49FA /* event.h */ = {isa = PBXFileReference; fileEncoding = 4; lastKnownFileType = sourcecode.c.h; path = event.h; sourceTree = "<group>"; };
		F0560E2B2F77BA41008C49FA /* types.h */ = {isa = PBXFileReference; fileEncoding = 4; lastKnownFileType = sourcecode.c.h; path = types.h; sourceTree = "<group>"; };
		F0560E2C2F77BA42008C49FA /* interpreter.h */ = {isa = PBXFileReference; fileEncoding = 4; lastKnownFileType = sourcecode.c.h; path = interpreter.h; sourceTree = "<group>"; };
		F0560E2D2F77BA42008C49FA /* dynamic_array.h */ = {isa = PBXFileReference; fileEncoding = 4; lastKnownFileType = sourcecode.c.h; path = dynamic_array.h; sourceTree = "<group>"; };
		F0560E2E2F77BA42008C49FA /* utilities.h */ = {isa = PBXFileReference; fileEncoding = 4; lastKnownFileType = sourcecode.c.h; path = utilities.h; sourceTree = "<group>"; };
		F0560E2F2F77BA42008C49FA /* context.h */ = {isa = PBXFileReference; fileEncoding = 4; lastKnownFileType = sourcecode.c.h; path = context.h; sourceTree = "<group>"; };
		F0560E302F77BA42008C49FA /* namespace.h */ = {isa = PBXFileReference; fileEncoding = 4; lastKnownFileType = sourcecode.c.h; path = namespace.h; sourceTree = "<group>"; };
		F0560E312F77BA42008C49FA /* opcodes.h */ = {isa = PBXFileReference; fileEncoding = 4; lastKnownFileType = sourcecode.c.h; path = opcodes.h; sourceTree = "<group>"; };
		F0560E322F77BA42008C49FA /* registers.h */ = {isa = PBXFileReference; fileEncoding = 4; lastKnownFileType = sourcecode.c.h; path = registers.h; sourceTree = "<group>"; };
		F0560E332F77BA42008C49FA /* notify.h */ = {isa = PBXFileReference; fileEncoding = 4; lastKnownFileType = sourcecode.c.h; path = notify.h; sourceTree = "<group>"; };
		F0560E342F77BA42008C49FA /* osi.h */ = {isa = PBXFileReference; fileEncoding = 4; lastKnownFileType = sourcecode.c.h; path = osi.h; sourceTree = "<group>"; };
		F0560E352F77BA42008C49FA /* tables.h */ = {isa = PBXFileReference; fileEncoding = 4; lastKnownFileType = sourcecode.c.h; path = tables.h; sourceTree = "<group>"; };
		F0560E362F77BA42008C49FA /* log.h */ = {isa = PBXFileReference; fileEncoding = 4; lastKnownFileType = sourcecode.c.h; path = log.h; sourceTree = "<group>"; };
		F0560E372F77BA42008C49FA /* io.h */ = {isa = PBXFileReference; fileEncoding = 4; lastKnownFileType = sourcecode.c.h; path = io.h; sourceTree = "<group>"; };
		F0560E382F77BA42008C49FA /* opregion.h */ = {isa = PBXFileReference; fileEncoding = 4; lastKnownFileType = sourcecode.c.h; path = opregion.h; sourceTree = "<group>"; };
		F0560E392F77BA42008C49FA /* mutex.h */ = {isa = PBXFileReference; fileEncoding = 4; lastKnownFileType = sourcecode.c.h; path = mutex.h; sourceTree = "<group>"; };
		F0560E3A2F77BA42008C49FA /* helpers.h */ = {isa = PBXFileReference; fileEncoding = 4; lastKnownFileType = sourcecode.c.h; path = helpers.h; sourceTree = "<group>"; };
		F0560E3B2F77BA42008C49FA /* acpi.h */ = {isa = PBXFileReference; fileEncoding = 4; lastKnownFileType = sourcecode.c.h; path = acpi.h; sourceTree = "<group>"; };
		F0560E3C2F77BA42008C49FA /* namespace.h */ = {isa = PBXFileReference; fileEncoding = 4; lastKnownFileType = sourcecode.c.h; path = namespace.h; sourceTree = "<group>"; };
		F0560E3D2F77BA42008C49FA /* uacpi.h */ = {isa = PBXFileReference; fileEncoding = 4; lastKnownFileType = sourcecode.c.h; path = uacpi.h; sourceTree = "<group>"; };
		F0560E3E2F77BA42008C49FA /* registers.h */ = {isa = PBXFileReference; fileEncoding = 4; lastKnownFileType = sourcecode.c.h; path = registers.h; sourceTree = "<group>"; };
		F0560E3F2F77BA42008C49FA /* notify.h */ = {isa = PBXFileReference; fileEncoding = 4; lastKnownFileType = sourcecode.c.h; path = notify.h; sourceTree = "<group>"; };
		F0560E402F77BA42008C49FA /* osi.h */ = {isa = PBXFileReference; fileEncoding = 4; lastKnownFileType = sourcecode.c.h; path = osi.h; sourceTree = "<group>"; };
		F0560E412F77BA42008C49FA /* tables.h */ = {isa = PBXFileReference; fileEncoding = 4; lastKnownFileType = sourcecode.c.h; path = tables.h; sourceTree = "<group>"; };
		F0560E422F77BA42008C49FA /* kernel_api.h */ = {isa = PBXFileReference; fileEncoding = 4; lastKnownFileType = sourcecode.c.h; path = kernel_api.h; sourceTree = "<group>"; };
		F0560E432F77BA42008C49FA /* log.h */ = {isa = PBXFileReference; fileEncoding = 4; lastKnownFileType = sourcecode.c.h; path = log.h; sourceTree = "<group>"; };
		F0560E442F77BA42008C49FA /* io.h */ = {isa = PBXFileReference; fileEncoding = 4; lastKnownFileType = sourcecode.c.h; path = io.h; sourceTree = "<group>"; };
		F0560E452F77BA42008C49FA /* opregion.h */ = {isa = PBXFileReference; fileEncoding = 4; lastKnownFileType = sourcecode.c.h; path = opregion.h; sourceTree = "<group>"; };
		F0560E462F77BA42008C49FA /* helpers.h */ = {isa = PBXFileReference; fileEncoding = 4; lastKnownFileType = sourcecode.c.h; path = helpers.h; sourceTree = "<group>"; };
		F0560E482F77BA42008C49FA /* osi.c */ = {isa = PBXFileReference; fileEncoding = 4; lastKnownFileType = sourcecode.c.c; path = osi.c; sourceTree = "<group>"; };
		F0560E492F77BA42008C49FA /* tables.c */ = {isa = PBXFileReference; fileEncoding = 4; lastKnownFileType = sourcecode.c.c; path = tables.c; sourceTree = "<group>"; };
		F0560E4A2F77BA42008C49FA /* opregion.c */ = {isa = PBXFileReference; fileEncoding = 4; lastKnownFileType = sourcecode.c.c; path = opregion.c; sourceTree = "<group>"; };
		F0560E4B2F77BA42008C49FA /* io.c */ = {isa = PBXFileReference; fileEncoding = 4; lastKnownFileType = sourcecode.c.c; path = io.c; sourceTree = "<group>"; };
		F0560E4C2F77BA42008C49FA /* mutex.c */ = {isa = PBXFileReference; fileEncoding = 4; lastKnownFileType = sourcecode.c.c; path = mutex.c; sourceTree = "<group>"; };
		F0560E4D2F77BA42008C49FA /* default_handlers.c */ = {isa = PBXFileReference; fileEncoding = 4; lastKnownFileType = sourcecode.c.c; path = default_handlers.c; sourceTree = "<group>"; };
		F0560E4E2F77BA42008C49FA /* stdlib.c */ = {isa = PBXFileReference; fileEncoding = 4; lastKnownFileType = sourcecode.c.c; path = stdlib.c; sourceTree = "<group>"; };
		F0560E4F2F77BA42008C49FA /* sleep.c */ = {isa = PBXFileReference; fileEncoding = 4; lastKnownFileType = sourcecode.c.c; path = sleep.c; sourceTree = "<group>"; };
		F0560E502F77BA42008C49FA /* event.c */ = {isa = PBXFileReference; fileEncoding = 4; lastKnownFileType = sourcecode.c.c; path = event.c; sourceTree = "<group>"; };
		F0560E512F77BA42008C49FA /* types.c */ = {isa = PBXFileReference; fileEncoding = 4; lastKnownFileType = sourcecode.c.c; path = types.c; sourceTree = "<group>"; };
		F0560E522F77BA42008C49FA /* shareable.c */ = {isa = PBXFileReference; fileEncoding = 4; lastKnownFileType = sourcecode.c.c; path = shareable.c; sourceTree = "<group>"; };
		F0560E532F77BA42008C49FA /* resources.c */ = {isa = PBXFileReference; fileEncoding = 4; lastKnownFileType = sourcecode.c.c; path = resources.c; sourceTree = "<group>"; };
		F0560E542F77BA42008C49FA /* utilities.c */ = {isa = PBXFileReference; fileEncoding = 4; lastKnownFileType = sourcecode.c.c; path = utilities.c; sourceTree = "<group>"; };
		F0560E552F77BA42008C49FA /* interpreter.c */ = {isa = PBXFileReference; fileEncoding = 4; lastKnownFileType = sourcecode.c.c; path = interpreter.c; sourceTree = "<group>"; };
		F0560E562F77BA42008C49FA /* registers.c */ = {isa = PBXFileReference; fileEncoding = 4; lastKnownFileType = sourcecode.c.c; path = registers.c; sourceTree = "<group>"; };
		F0560E572F77BA42008C49FA /* notify.c */ = {isa = PBXFileReference; fileEncoding = 4; lastKnownFileType = sourcecode.c.c; path = notify.c; sourceTree = "<group>"; };
		F0560E582F77BA42008C49FA /* opcodes.c */ = {isa = PBXFileReference; fileEncoding = 4; lastKnownFileType = sourcecode.c.c; path = opcodes.c; sourceTree = "<group>"; };
		F0560E592F77BA42008C49FA /* namespace.c */ = {isa = PBXFileReference; fileEncoding = 4; lastKnownFileType = sourcecode.c.c; path = namespace.c; sourceTree = "<group>"; };
		F0560E5B2F77BA42008C49FA /* uacpi.c */ = {isa = PBXFileReference; fileEncoding = 4; lastKnownFileType = sourcecode.c.c; path = uacpi.c; sourceTree = "<group>"; };
		F0560E9E2F77BA8D008C49FA /* uacpi_kernel_xf.cpp */ = {isa = PBXFileReference; lastKnownFileType = sourcecode.cpp.cpp; path = uacpi_kernel_xf.cpp; sourceTree = "<group>"; };
		F0560EA02F77BBAF008C49FA /* README.md */ = {isa = PBXFileReference; fileEncoding = 4; lastKnownFileType = net.daringfireball.markdown; path = README.md; sourceTree = "<group>"; };
		F0560EA22F77BCE4008C49FA /* uacpi.plist */ = {isa = PBXFileReference; lastKnownFileType = text.plist.xml; path = uacpi.plist; sourceTree = "<group>"; };
		F0560EA42F77C0F7008C49FA /* install-license-info.sh */ = {isa = PBXFileReference; lastKnownFileType = text.script.sh; path = "install-license-info.sh"; sourceTree = "<group>"; };
		F0560EA52F788BFF008C49FA /* uAcpiStatus2IOKit.cpp */ = {isa = PBXFileReference; lastKnownFileType = sourcecode.cpp.cpp; path = uAcpiStatus2IOKit.cpp; sourceTree = "<group>"; };
		F07CFB262F7C549E00E313C5 /* PDACPIButtons.kext */ = {isa = PBXFileReference; explicitFileType = wrapper.cfbundle; includeInIndex = 0; path = PDACPIButtons.kext; sourceTree = BUILT_PRODUCTS_DIR; };
		F07CFB282F7C549E00E313C5 /* PDACPIButtons.h */ = {isa = PBXFileReference; lastKnownFileType = sourcecode.c.h; path = PDACPIButtons.h; sourceTree = "<group>"; };
		F07CFB2A2F7C549E00E313C5 /* PDACPIButtons.cpp */ = {isa = PBXFileReference; lastKnownFileType = sourcecode.cpp.cpp; path = PDACPIButtons.cpp; sourceTree = "<group>"; };
		F07CFB2C2F7C549E00E313C5 /* Info.plist */ = {isa = PBXFileReference; lastKnownFileType = text.plist.xml; path = Info.plist; sourceTree = "<group>"; };
/* End PBXFileReference section */

/* Begin PBXFrameworksBuildPhase section */
		7E5EE1322EAC8277006AF949 /* Frameworks */ = {
			isa = PBXFrameworksBuildPhase;
			buildActionMask = 2147483647;
			files = (
			);
			runOnlyForDeploymentPostprocessing = 0;
		};
		8C084B8A2DC334D60010499B /* Frameworks */ = {
			isa = PBXFrameworksBuildPhase;
			buildActionMask = 2147483647;
			files = (
			);
			runOnlyForDeploymentPostprocessing = 0;
		};
		F043C1532DE30CDC00349FD5 /* Frameworks */ = {
			isa = PBXFrameworksBuildPhase;
			buildActionMask = 2147483647;
			files = (
			);
			runOnlyForDeploymentPostprocessing = 0;
		};
		F07CFB232F7C549E00E313C5 /* Frameworks */ = {
			isa = PBXFrameworksBuildPhase;
			buildActionMask = 2147483647;
			files = (
			);
			runOnlyForDeploymentPostprocessing = 0;
		};
/* End PBXFrameworksBuildPhase section */

/* Begin PBXGroup section */
		7E5EE1362EAC8277006AF949 /* PDACPIPCI */ = {
			isa = PBXGroup;
			children = (
				7E5EE1372EAC8277006AF949 /* PDACPIPCIRootComplex.h */,
				7E5EE1392EAC8277006AF949 /* PDACPIPCIRootComplex.cpp */,
				7E5EE13B2EAC8277006AF949 /* Info.plist */,
			);
			path = PDACPIPCI;
			sourceTree = "<group>";
		};
		7E5EE13F2EAC8600006AF949 /* pci */ = {
			isa = PBXGroup;
			children = (
				7E5EE1402EAC877D006AF949 /* IOPCIPrivate.h */,
			);
			path = pci;
			sourceTree = "<group>";
		};
		7E6561192EA75BB50051A78A /* Frameworks */ = {
			isa = PBXGroup;
			children = (
			);
			name = Frameworks;
			sourceTree = "<group>";
		};
		8C084B832DC334D50010499B = {
			isa = PBXGroup;
			children = (
				F0560EA32F77C0E2008C49FA /* xcodescripts */,
				F0560EA22F77BCE4008C49FA /* uacpi.plist */,
				F0560EA02F77BBAF008C49FA /* README.md */,
				F0560E142F77BA15008C49FA /* uacpi */,
				F043C14B2DE2CA6B00349FD5 /* ExternalHeaders */,
				F01A4BAF2DE13D2D00349FD5 /* PDACPIPlatform */,
				F043C1682DE30E2E00349FD5 /* PDACPIRTC */,
				7E5EE1362EAC8277006AF949 /* PDACPIPCI */,
				F07CFB272F7C549E00E313C5 /* PDACPIButtons */,
				8C084B8E2DC334D60010499B /* Products */,
				7E6561192EA75BB50051A78A /* Frameworks */,
			);
			sourceTree = "<group>";
		};
		8C084B8E2DC334D60010499B /* Products */ = {
			isa = PBXGroup;
			children = (
				8C084B8D2DC334D60010499B /* PDACPIPlatform.kext */,
				F043C1562DE30CDC00349FD5 /* PDACPIRTC.kext */,
				7E5EE1352EAC8277006AF949 /* PDACPIPCIDriver.kext */,
				F07CFB262F7C549E00E313C5 /* PDACPIButtons.kext */,
			);
			name = Products;
			sourceTree = "<group>";
		};
		F01A4BAF2DE13D2D00349FD5 /* PDACPIPlatform */ = {
			isa = PBXGroup;
			children = (
				F0560E9E2F77BA8D008C49FA /* uacpi_kernel_xf.cpp */,
				F0560EA52F788BFF008C49FA /* uAcpiStatus2IOKit.cpp */,
				F01A4A332DE12FE100349FD5 /* PDACPICPU.cpp */,
				F02692612DED901800349FD5 /* PDACPICPUInterruptController.cpp */,
				7E12EA972EA9B29000EEC84B /* PDACPIPlatformExpertOverrides.cpp */,
				F01A4A342DE12FE100349FD5 /* PDACPIPlatformExpert.cpp */,
				F01A4B5E2DE12FE100349FD5 /* pci_config_access.h */,
				7E6561412EA75E400051A78A /* PDACPIPlatformPrivate.h */,
				F01A4B5F2DE12FE100349FD5 /* PDACPICPU.h */,
				F02692602DED901800349FD5 /* PDACPICPUInterruptController.h */,
				F01A4B602DE12FE100349FD5 /* PDACPIPlatformExpert.h */,
				F01A4BA62DE12FE100349FD5 /* Info.plist */,
				F01A4BA72DE12FE100349FD5 /* LICENSE.txt */,
			);
			path = PDACPIPlatform;
			sourceTree = "<group>";
		};
		F043C14B2DE2CA6B00349FD5 /* ExternalHeaders */ = {
			isa = PBXGroup;
			children = (
				F043C14C2DE2CA7200349FD5 /* IOKit */,
			);
			path = ExternalHeaders;
			sourceTree = "<group>";
		};
		F043C14C2DE2CA7200349FD5 /* IOKit */ = {
			isa = PBXGroup;
			children = (
				7E5EE13F2EAC8600006AF949 /* pci */,
				F043C14E2DE2CAF100349FD5 /* IOCPU.h */,
				F043C14F2DE2CAF100349FD5 /* IOPolledInterface.h */,
			);
			path = IOKit;
			sourceTree = "<group>";
		};
		F043C1682DE30E2E00349FD5 /* PDACPIRTC */ = {
			isa = PBXGroup;
			children = (
				F043C1652DE30E2E00349FD5 /* Info.plist */,
				F043C1662DE30E2E00349FD5 /* PDACPIRTC.h */,
				F043C1672DE30E2E00349FD5 /* PDACPIRTC.cpp */,
			);
			path = PDACPIRTC;
			sourceTree = "<group>";
		};
		F0560E142F77BA15008C49FA /* uacpi */ = {
			isa = PBXGroup;
			children = (
				F0560E152F77BA41008C49FA /* include */,
				F0560E472F77BA42008C49FA /* source */,
			);
			path = uacpi;
			sourceTree = "<group>";
		};
		F0560E152F77BA41008C49FA /* include */ = {
			isa = PBXGroup;
			children = (
				F0560E162F77BA41008C49FA /* uacpi */,
			);
			path = include;
			sourceTree = "<group>";
		};
		F0560E162F77BA41008C49FA /* uacpi */ = {
			isa = PBXGroup;
			children = (
				F0560E252F77BA41008C49FA /* internal */,
				F0560E1C2F77BA41008C49FA /* platform */,
				F0560E3B2F77BA42008C49FA /* acpi.h */,
				F0560E242F77BA41008C49FA /* context.h */,
				F0560E1A2F77BA41008C49FA /* event.h */,
				F0560E462F77BA42008C49FA /* helpers.h */,
				F0560E442F77BA42008C49FA /* io.h */,
				F0560E422F77BA42008C49FA /* kernel_api.h */,
				F0560E432F77BA42008C49FA /* log.h */,
				F0560E3C2F77BA42008C49FA /* namespace.h */,
				F0560E3F2F77BA42008C49FA /* notify.h */,
				F0560E452F77BA42008C49FA /* opregion.h */,
				F0560E402F77BA42008C49FA /* osi.h */,
				F0560E3E2F77BA42008C49FA /* registers.h */,
				F0560E192F77BA41008C49FA /* resources.h */,
				F0560E172F77BA41008C49FA /* sleep.h */,
				F0560E182F77BA41008C49FA /* status.h */,
				F0560E412F77BA42008C49FA /* tables.h */,
				F0560E1B2F77BA41008C49FA /* types.h */,
				F0560E3D2F77BA42008C49FA /* uacpi.h */,
				F0560E232F77BA41008C49FA /* utilities.h */,
			);
			path = uacpi;
			sourceTree = "<group>";
		};
		F0560E1C2F77BA41008C49FA /* platform */ = {
			isa = PBXGroup;
			children = (
				F0560E1D2F77BA41008C49FA /* compiler.h */,
				F0560E1E2F77BA41008C49FA /* config.h */,
				F0560E1F2F77BA41008C49FA /* types.h */,
				F0560E202F77BA41008C49FA /* libc.h */,
				F0560E212F77BA41008C49FA /* arch_helpers.h */,
				F0560E222F77BA41008C49FA /* atomic.h */,
			);
			path = platform;
			sourceTree = "<group>";
		};
		F0560E252F77BA41008C49FA /* internal */ = {
			isa = PBXGroup;
			children = (
				F0560E282F77BA41008C49FA /* compiler.h */,
				F0560E2F2F77BA42008C49FA /* context.h */,
				F0560E2D2F77BA42008C49FA /* dynamic_array.h */,
				F0560E2A2F77BA41008C49FA /* event.h */,
				F0560E3A2F77BA42008C49FA /* helpers.h */,
				F0560E2C2F77BA42008C49FA /* interpreter.h */,
				F0560E372F77BA42008C49FA /* io.h */,
				F0560E362F77BA42008C49FA /* log.h */,
				F0560E392F77BA42008C49FA /* mutex.h */,
				F0560E302F77BA42008C49FA /* namespace.h */,
				F0560E332F77BA42008C49FA /* notify.h */,
				F0560E312F77BA42008C49FA /* opcodes.h */,
				F0560E382F77BA42008C49FA /* opregion.h */,
				F0560E342F77BA42008C49FA /* osi.h */,
				F0560E322F77BA42008C49FA /* registers.h */,
				F0560E272F77BA41008C49FA /* resources.h */,
				F0560E292F77BA41008C49FA /* shareable.h */,
				F0560E262F77BA41008C49FA /* stdlib.h */,
				F0560E352F77BA42008C49FA /* tables.h */,
				F0560E2B2F77BA41008C49FA /* types.h */,
				F0560E2E2F77BA42008C49FA /* utilities.h */,
			);
			path = internal;
			sourceTree = "<group>";
		};
		F0560E472F77BA42008C49FA /* source */ = {
			isa = PBXGroup;
			children = (
				F0560E4D2F77BA42008C49FA /* default_handlers.c */,
				F0560E502F77BA42008C49FA /* event.c */,
				F0560E552F77BA42008C49FA /* interpreter.c */,
				F0560E4B2F77BA42008C49FA /* io.c */,
				F0560E4C2F77BA42008C49FA /* mutex.c */,
				F0560E592F77BA42008C49FA /* namespace.c */,
				F0560E572F77BA42008C49FA /* notify.c */,
				F0560E582F77BA42008C49FA /* opcodes.c */,
				F0560E4A2F77BA42008C49FA /* opregion.c */,
				F0560E482F77BA42008C49FA /* osi.c */,
				F0560E562F77BA42008C49FA /* registers.c */,
				F0560E532F77BA42008C49FA /* resources.c */,
				F0560E522F77BA42008C49FA /* shareable.c */,
				F0560E4F2F77BA42008C49FA /* sleep.c */,
				F0560E4E2F77BA42008C49FA /* stdlib.c */,
				F0560E492F77BA42008C49FA /* tables.c */,
				F0560E512F77BA42008C49FA /* types.c */,
				F0560E5B2F77BA42008C49FA /* uacpi.c */,
				F0560E542F77BA42008C49FA /* utilities.c */,
			);
			path = source;
			sourceTree = "<group>";
		};
		F0560EA32F77C0E2008C49FA /* xcodescripts */ = {
			isa = PBXGroup;
			children = (
				F0560EA42F77C0F7008C49FA /* install-license-info.sh */,
			);
			path = xcodescripts;
			sourceTree = "<group>";
		};
		F07CFB272F7C549E00E313C5 /* PDACPIButtons */ = {
			isa = PBXGroup;
			children = (
				F07CFB282F7C549E00E313C5 /* PDACPIButtons.h */,
				F07CFB2A2F7C549E00E313C5 /* PDACPIButtons.cpp */,
				F07CFB2C2F7C549E00E313C5 /* Info.plist */,
			);
			path = PDACPIButtons;
			sourceTree = "<group>";
		};
/* End PBXGroup section */

/* Begin PBXHeadersBuildPhase section */
		7E5EE1302EAC8277006AF949 /* Headers */ = {
			isa = PBXHeadersBuildPhase;
			buildActionMask = 2147483647;
			files = (
				7E5EE1382EAC8277006AF949 /* PDACPIPCIRootComplex.h in Headers */,
			);
			runOnlyForDeploymentPostprocessing = 0;
		};
		8C084B882DC334D60010499B /* Headers */ = {
			isa = PBXHeadersBuildPhase;
			buildActionMask = 2147483647;
			files = (
				F0560E7A2F77BA42008C49FA /* io.h in Headers */,
				F0560E842F77BA42008C49FA /* tables.h in Headers */,
				F0560E872F77BA42008C49FA /* io.h in Headers */,
				F0560E722F77BA42008C49FA /* context.h in Headers */,
				F0560E862F77BA42008C49FA /* log.h in Headers */,
				F0560E702F77BA42008C49FA /* dynamic_array.h in Headers */,
				F0560E682F77BA42008C49FA /* context.h in Headers */,
				F0560E642F77BA42008C49FA /* libc.h in Headers */,
				F01A4B692DE12FE100349FD5 /* PDACPICPU.h in Headers */,
				F0560E7F2F77BA42008C49FA /* namespace.h in Headers */,
				F0560E852F77BA42008C49FA /* kernel_api.h in Headers */,
				F0560E652F77BA42008C49FA /* arch_helpers.h in Headers */,
				F0560E772F77BA42008C49FA /* osi.h in Headers */,
				F0560E802F77BA42008C49FA /* uacpi.h in Headers */,
				F0560E6C2F77BA42008C49FA /* shareable.h in Headers */,
				F0560E812F77BA42008C49FA /* registers.h in Headers */,
				F0560E6E2F77BA42008C49FA /* types.h in Headers */,
				F0560E792F77BA42008C49FA /* log.h in Headers */,
				F0560E7B2F77BA42008C49FA /* opregion.h in Headers */,
				F0560E7C2F77BA42008C49FA /* mutex.h in Headers */,
				F0560E7E2F77BA42008C49FA /* acpi.h in Headers */,
				F0560E6D2F77BA42008C49FA /* event.h in Headers */,
				F0560E5C2F77BA42008C49FA /* sleep.h in Headers */,
				F0560E882F77BA42008C49FA /* opregion.h in Headers */,
				F0560E5D2F77BA42008C49FA /* status.h in Headers */,
				F0560E7D2F77BA42008C49FA /* helpers.h in Headers */,
				F02692622DED901800349FD5 /* PDACPICPUInterruptController.h in Headers */,
				F0560E832F77BA42008C49FA /* osi.h in Headers */,
				F01A4B7A2DE12FE100349FD5 /* pci_config_access.h in Headers */,
				F01A4B852DE12FE100349FD5 /* PDACPIPlatformExpert.h in Headers */,
				F0560E732F77BA42008C49FA /* namespace.h in Headers */,
				F0560E632F77BA42008C49FA /* types.h in Headers */,
				F0560E602F77BA42008C49FA /* types.h in Headers */,
				F0560E5E2F77BA42008C49FA /* resources.h in Headers */,
				F0560E892F77BA42008C49FA /* helpers.h in Headers */,
				F0560E6F2F77BA42008C49FA /* interpreter.h in Headers */,
				F0560E762F77BA42008C49FA /* notify.h in Headers */,
				F0560E6A2F77BA42008C49FA /* resources.h in Headers */,
				F0560E622F77BA42008C49FA /* config.h in Headers */,
				F0560E662F77BA42008C49FA /* atomic.h in Headers */,
				F0560E672F77BA42008C49FA /* utilities.h in Headers */,
				F0560E752F77BA42008C49FA /* registers.h in Headers */,
				F0560E712F77BA42008C49FA /* utilities.h in Headers */,
				F0560E742F77BA42008C49FA /* opcodes.h in Headers */,
				F0560E782F77BA42008C49FA /* tables.h in Headers */,
				F0560E5F2F77BA42008C49FA /* event.h in Headers */,
				F0560E692F77BA42008C49FA /* stdlib.h in Headers */,
				F0560E612F77BA42008C49FA /* compiler.h in Headers */,
				F0560E822F77BA42008C49FA /* notify.h in Headers */,
				F0560E6B2F77BA42008C49FA /* compiler.h in Headers */,
			);
			runOnlyForDeploymentPostprocessing = 0;
		};
		F043C1512DE30CDC00349FD5 /* Headers */ = {
			isa = PBXHeadersBuildPhase;
			buildActionMask = 2147483647;
			files = (
				F043C16B2DE30E2E00349FD5 /* PDACPIRTC.h in Headers */,
			);
			runOnlyForDeploymentPostprocessing = 0;
		};
		F07CFB212F7C549E00E313C5 /* Headers */ = {
			isa = PBXHeadersBuildPhase;
			buildActionMask = 2147483647;
			files = (
				F07CFB292F7C549E00E313C5 /* PDACPIButtons.h in Headers */,
			);
			runOnlyForDeploymentPostprocessing = 0;
		};
/* End PBXHeadersBuildPhase section */

/* Begin PBXNativeTarget section */
		7E5EE1342EAC8277006AF949 /* PDACPIPCIDriver */ = {
			isa = PBXNativeTarget;
			buildConfigurationList = 7E5EE13C2EAC8277006AF949 /* Build configuration list for PBXNativeTarget "PDACPIPCIDriver" */;
			buildPhases = (
				7E5EE1302EAC8277006AF949 /* Headers */,
				7E5EE1312EAC8277006AF949 /* Sources */,
				7E5EE1322EAC8277006AF949 /* Frameworks */,
				7E5EE1332EAC8277006AF949 /* Resources */,
			);
			buildRules = (
			);
			dependencies = (
			);
			name = PDACPIPCIDriver;
			productName = PureACPIPCI;
			productReference = 7E5EE1352EAC8277006AF949 /* PDACPIPCIDriver.kext */;
			productType = "com.apple.product-type.kernel-extension";
		};
		8C084B8C2DC334D60010499B /* PDACPIPlatform */ = {
			isa = PBXNativeTarget;
			buildConfigurationList = 8C084B942DC334D60010499B /* Build configuration list for PBXNativeTarget "PDACPIPlatform" */;
			buildPhases = (
				8C084B882DC334D60010499B /* Headers */,
				8C084B892DC334D60010499B /* Sources */,
				8C084B8A2DC334D60010499B /* Frameworks */,
				F043C1612DE30DF300349FD5 /* Resources */,
				F043C1632DE30E0000349FD5 /* CopyFiles */,
			);
			buildRules = (
			);
			dependencies = (
			);
			name = PDACPIPlatform;
			packageProductDependencies = (
			);
			productName = PDACPIPlatform;
			productReference = 8C084B8D2DC334D60010499B /* PDACPIPlatform.kext */;
			productType = "com.apple.product-type.kernel-extension";
		};
		F043C1552DE30CDC00349FD5 /* PDACPIRTC */ = {
			isa = PBXNativeTarget;
			buildConfigurationList = F043C15E2DE30CDC00349FD5 /* Build configuration list for PBXNativeTarget "PDACPIRTC" */;
			buildPhases = (
				F043C1512DE30CDC00349FD5 /* Headers */,
				F043C1522DE30CDC00349FD5 /* Sources */,
				F043C1532DE30CDC00349FD5 /* Frameworks */,
				F043C1542DE30CDC00349FD5 /* Resources */,
			);
			buildRules = (
			);
			dependencies = (
			);
			name = PDACPIRTC;
			packageProductDependencies = (
			);
			productName = PDACPIRTC;
			productReference = F043C1562DE30CDC00349FD5 /* PDACPIRTC.kext */;
			productType = "com.apple.product-type.kernel-extension";
		};
		F07CFB252F7C549E00E313C5 /* PDACPIButtons */ = {
			isa = PBXNativeTarget;
			buildConfigurationList = F07CFB2F2F7C549E00E313C5 /* Build configuration list for PBXNativeTarget "PDACPIButtons" */;
			buildPhases = (
				F07CFB212F7C549E00E313C5 /* Headers */,
				F07CFB222F7C549E00E313C5 /* Sources */,
				F07CFB232F7C549E00E313C5 /* Frameworks */,
				F07CFB242F7C549E00E313C5 /* Resources */,
			);
			buildRules = (
			);
			dependencies = (
			);
			name = PDACPIButtons;
			productName = PDACPIButtons;
			productReference = F07CFB262F7C549E00E313C5 /* PDACPIButtons.kext */;
			productType = "com.apple.product-type.kernel-extension";
		};
/* End PBXNativeTarget section */

/* Begin PBXProject section */
		8C084B842DC334D50010499B /* Project object */ = {
			isa = PBXProject;
			attributes = {
				LastUpgradeCheck = 1630;
				TargetAttributes = {
					7E5EE1342EAC8277006AF949 = {
						CreatedOnToolsVersion = 15.2;
						ProvisioningStyle = Automatic;
					};
					8C084B8C2DC334D60010499B = {
						CreatedOnToolsVersion = 16.3;
						ProvisioningStyle = Automatic;
					};
					F043C1552DE30CDC00349FD5 = {
						CreatedOnToolsVersion = 16.3;
						ProvisioningStyle = Automatic;
					};
					F07CFB252F7C549E00E313C5 = {
						CreatedOnToolsVersion = 11.7;
						ProvisioningStyle = Automatic;
					};
				};
			};
			buildConfigurationList = 8C084B872DC334D50010499B /* Build configuration list for PBXProject "PDACPIPlatform" */;
			compatibilityVersion = "Xcode 2.4";
			developmentRegion = en;
			hasScannedForEncodings = 0;
			knownRegions = (
				en,
				Base,
			);
			mainGroup = 8C084B832DC334D50010499B;
			productRefGroup = 8C084B8E2DC334D60010499B /* Products */;
			projectDirPath = "";
			projectRoot = "";
			targets = (
				8C084B8C2DC334D60010499B /* PDACPIPlatform */,
				F043C1552DE30CDC00349FD5 /* PDACPIRTC */,
				7E5EE1342EAC8277006AF949 /* PDACPIPCIDriver */,
				F07CFB252F7C549E00E313C5 /* PDACPIButtons */,
			);
		};
/* End PBXProject section */

/* Begin PBXResourcesBuildPhase section */
		7E5EE1332EAC8277006AF949 /* Resources */ = {
			isa = PBXResourcesBuildPhase;
			buildActionMask = 2147483647;
			files = (
			);
			runOnlyForDeploymentPostprocessing = 0;
		};
		F043C1542DE30CDC00349FD5 /* Resources */ = {
			isa = PBXResourcesBuildPhase;
			buildActionMask = 2147483647;
			files = (
			);
			runOnlyForDeploymentPostprocessing = 0;
		};
		F043C1612DE30DF300349FD5 /* Resources */ = {
			isa = PBXResourcesBuildPhase;
			buildActionMask = 2147483647;
			files = (
				F0560EA12F77BBAF008C49FA /* README.md in Resources */,
			);
			runOnlyForDeploymentPostprocessing = 0;
		};
		F07CFB242F7C549E00E313C5 /* Resources */ = {
			isa = PBXResourcesBuildPhase;
			buildActionMask = 2147483647;
			files = (
			);
			runOnlyForDeploymentPostprocessing = 0;
		};
/* End PBXResourcesBuildPhase section */

/* Begin PBXSourcesBuildPhase section */
		7E5EE1312EAC8277006AF949 /* Sources */ = {
			isa = PBXSourcesBuildPhase;
			buildActionMask = 2147483647;
			files = (
				7E5EE13A2EAC8277006AF949 /* PDACPIPCIRootComplex.cpp in Sources */,
			);
			runOnlyForDeploymentPostprocessing = 0;
		};
		8C084B892DC334D60010499B /* Sources */ = {
			isa = PBXSourcesBuildPhase;
			buildActionMask = 2147483647;
			files = (
				F0560E972F77BA42008C49FA /* interpreter.c in Sources */,
				F0560E8E2F77BA42008C49FA /* mutex.c in Sources */,
				F0560E932F77BA42008C49FA /* types.c in Sources */,
				F0560E8B2F77BA42008C49FA /* tables.c in Sources */,
				F0560E9A2F77BA42008C49FA /* opcodes.c in Sources */,
				F0560E8F2F77BA42008C49FA /* default_handlers.c in Sources */,
				F0560E8C2F77BA42008C49FA /* opregion.c in Sources */,
				F01A4A932DE12FE100349FD5 /* PDACPIPlatformExpert.cpp in Sources */,
				F0560E8A2F77BA42008C49FA /* osi.c in Sources */,
				F0560E952F77BA42008C49FA /* resources.c in Sources */,
				F0560E942F77BA42008C49FA /* shareable.c in Sources */,
				F0560E9D2F77BA42008C49FA /* uacpi.c in Sources */,
				F0560E992F77BA42008C49FA /* notify.c in Sources */,
				F01A4ACF2DE12FE100349FD5 /* PDACPICPU.cpp in Sources */,
				F0560E922F77BA42008C49FA /* event.c in Sources */,
				F0560E8D2F77BA42008C49FA /* io.c in Sources */,
				F0560E902F77BA42008C49FA /* stdlib.c in Sources */,
				F0560E912F77BA42008C49FA /* sleep.c in Sources */,
				7E12EA982EA9B29000EEC84B /* PDACPIPlatformExpertOverrides.cpp in Sources */,
				F0560EA62F788BFF008C49FA /* uAcpiStatus2IOKit.cpp in Sources */,
				F0560E9F2F77BA8D008C49FA /* uacpi_kernel_xf.cpp in Sources */,
				F02692632DED901800349FD5 /* PDACPICPUInterruptController.cpp in Sources */,
				F0560E962F77BA42008C49FA /* utilities.c in Sources */,
				F0560E982F77BA42008C49FA /* registers.c in Sources */,
				F0560E9B2F77BA42008C49FA /* namespace.c in Sources */,
			);
			runOnlyForDeploymentPostprocessing = 0;
		};
		F043C1522DE30CDC00349FD5 /* Sources */ = {
			isa = PBXSourcesBuildPhase;
			buildActionMask = 2147483647;
			files = (
				F043C16A2DE30E2E00349FD5 /* PDACPIRTC.cpp in Sources */,
			);
			runOnlyForDeploymentPostprocessing = 0;
		};
		F07CFB222F7C549E00E313C5 /* Sources */ = {
			isa = PBXSourcesBuildPhase;
			buildActionMask = 2147483647;
			files = (
				F07CFB2B2F7C549E00E313C5 /* PDACPIButtons.cpp in Sources */,
			);
			runOnlyForDeploymentPostprocessing = 0;
		};
/* End PBXSourcesBuildPhase section */

/* Begin XCBuildConfiguration section */
		7E5EE13D2EAC8277006AF949 /* Debug */ = {
			isa = XCBuildConfiguration;
			buildSettings = {
				CLANG_WARN_QUOTED_INCLUDE_IN_FRAMEWORK_HEADER = NO;
				CODE_SIGN_STYLE = Automatic;
				COMBINE_HIDPI_IMAGES = YES;
				CURRENT_PROJECT_VERSION = 1.0.0d1;
				GENERATE_INFOPLIST_FILE = YES;
				INFOPLIST_FILE = PureACPIPCI/Info.plist;
				INFOPLIST_KEY_NSHumanReadableCopyright = "";
				MACOSX_DEPLOYMENT_TARGET = 10.13;
				MARKETING_VERSION = 1.0;
				MODULE_NAME = org.puredarwin.driver.PureACPIPCI;
				MODULE_VERSION = 1.0.0d1;
				ONLY_ACTIVE_ARCH = YES;
				PRODUCT_BUNDLE_IDENTIFIER = org.puredarwin.driver.PDACPIPCIDriver;
				PRODUCT_NAME = "$(TARGET_NAME)";
				RUN_CLANG_STATIC_ANALYZER = YES;
				SWIFT_EMIT_LOC_STRINGS = YES;
				WRAPPER_EXTENSION = kext;
			};
			name = Debug;
		};
		7E5EE13E2EAC8277006AF949 /* Release */ = {
			isa = XCBuildConfiguration;
			buildSettings = {
				CLANG_WARN_QUOTED_INCLUDE_IN_FRAMEWORK_HEADER = NO;
				CODE_SIGN_STYLE = Automatic;
				COMBINE_HIDPI_IMAGES = YES;
				CURRENT_PROJECT_VERSION = 1.0.0d1;
				GENERATE_INFOPLIST_FILE = YES;
				INFOPLIST_FILE = PureACPIPCI/Info.plist;
				INFOPLIST_KEY_NSHumanReadableCopyright = "";
				MACOSX_DEPLOYMENT_TARGET = 10.13;
				MARKETING_VERSION = 1.0;
				MODULE_NAME = org.puredarwin.driver.PureACPIPCI;
				MODULE_VERSION = 1.0.0d1;
				PRODUCT_BUNDLE_IDENTIFIER = org.puredarwin.driver.PDACPIPCIDriver;
				PRODUCT_NAME = "$(TARGET_NAME)";
				RUN_CLANG_STATIC_ANALYZER = YES;
				SWIFT_EMIT_LOC_STRINGS = YES;
				WRAPPER_EXTENSION = kext;
			};
			name = Release;
		};
		8C084B952DC334D60010499B /* Debug */ = {
			isa = XCBuildConfiguration;
			buildSettings = {
				ARCHS = "$(ARCHS_STANDARD)";
				CLANG_CXX_LANGUAGE_STANDARD = "compiler-default";
				CLANG_WARN_QUOTED_INCLUDE_IN_FRAMEWORK_HEADER = NO;
				CODE_SIGN_STYLE = Automatic;
				CURRENT_PROJECT_VERSION = 1;
				GCC_C_LANGUAGE_STANDARD = "compiler-default";
				GCC_PREPROCESSOR_DEFINITIONS = (
					"PDACPI_BUILDING_PLATFORM=1",
					"DEBUG=1",
				);
				GENERATE_INFOPLIST_FILE = YES;
				HEADER_SEARCH_PATHS = "${PROJECT_DIR}/uacpi/include";
				INFOPLIST_FILE = PDACPIPlatform/Info.plist;
				INFOPLIST_KEY_NSHumanReadableCopyright = "";
				MACOSX_DEPLOYMENT_TARGET = 10.6;
				MARKETING_VERSION = 1.0;
				MODULE_NAME = org.puredarwin.driver.PDACPIPlatform;
				MODULE_START = PDACPIPlatform_start;
				MODULE_STOP = PDACPIPlatform_stop;
				MODULE_VERSION = 1.0.0d1;
				OTHER_CFLAGS = (
					"-Wno-implicit-conversion",
					"-Wno-deprected",
				);
				PRODUCT_BUNDLE_IDENTIFIER = org.puredarwin.driver.PDACPIPlatform;
				PRODUCT_NAME = "$(TARGET_NAME)";
				RUN_CLANG_STATIC_ANALYZER = YES;
				SWIFT_EMIT_LOC_STRINGS = YES;
				TARGETED_DEVICE_FAMILY = "";
				WRAPPER_EXTENSION = kext;
			};
			name = Debug;
		};
		8C084B962DC334D60010499B /* Release */ = {
			isa = XCBuildConfiguration;
			buildSettings = {
				ARCHS = "$(ARCHS_STANDARD)";
				CLANG_CXX_LANGUAGE_STANDARD = "compiler-default";
				CLANG_WARN_QUOTED_INCLUDE_IN_FRAMEWORK_HEADER = NO;
				CODE_SIGN_STYLE = Automatic;
				CURRENT_PROJECT_VERSION = 1;
				GCC_C_LANGUAGE_STANDARD = "compiler-default";
				GCC_PREPROCESSOR_DEFINITIONS = "PDACPI_BUILDING_PLATFORM=1";
				GENERATE_INFOPLIST_FILE = YES;
				HEADER_SEARCH_PATHS = "${PROJECT_DIR}/uacpi/include";
				INFOPLIST_FILE = PDACPIPlatform/Info.plist;
				INFOPLIST_KEY_NSHumanReadableCopyright = "";
				MACOSX_DEPLOYMENT_TARGET = 10.6;
				MARKETING_VERSION = 1.0;
				MODULE_NAME = org.puredarwin.driver.PDACPIPlatform;
				MODULE_START = PDACPIPlatform_start;
				MODULE_STOP = PDACPIPlatform_stop;
				MODULE_VERSION = 1.0.0d1;
				OTHER_CFLAGS = (
					"-Wno-implicit-conversion",
					"-Wno-deprected",
				);
				PRODUCT_BUNDLE_IDENTIFIER = org.puredarwin.driver.PDACPIPlatform;
				PRODUCT_NAME = "$(TARGET_NAME)";
				RUN_CLANG_STATIC_ANALYZER = YES;
				SWIFT_EMIT_LOC_STRINGS = YES;
				TARGETED_DEVICE_FAMILY = "";
				WRAPPER_EXTENSION = kext;
			};
			name = Release;
		};
		8C084B972DC334D60010499B /* Debug */ = {
			isa = XCBuildConfiguration;
			buildSettings = {
				ALWAYS_SEARCH_USER_PATHS = NO;
				ASSETCATALOG_COMPILER_GENERATE_SWIFT_ASSET_SYMBOL_EXTENSIONS = YES;
				CLANG_ANALYZER_NONNULL = YES;
				CLANG_ANALYZER_NUMBER_OBJECT_CONVERSION = YES_AGGRESSIVE;
				CLANG_CXX_LANGUAGE_STANDARD = "gnu++20";
				CLANG_ENABLE_MODULES = YES;
				CLANG_ENABLE_OBJC_ARC = YES;
				CLANG_ENABLE_OBJC_WEAK = YES;
				CLANG_WARN_BLOCK_CAPTURE_AUTORELEASING = YES;
				CLANG_WARN_BOOL_CONVERSION = YES;
				CLANG_WARN_COMMA = YES;
				CLANG_WARN_CONSTANT_CONVERSION = YES;
				CLANG_WARN_DEPRECATED_OBJC_IMPLEMENTATIONS = YES;
				CLANG_WARN_DIRECT_OBJC_ISA_USAGE = YES_ERROR;
				CLANG_WARN_DOCUMENTATION_COMMENTS = YES;
				CLANG_WARN_EMPTY_BODY = YES;
				CLANG_WARN_ENUM_CONVERSION = YES;
				CLANG_WARN_INFINITE_RECURSION = YES;
				CLANG_WARN_INT_CONVERSION = YES;
				CLANG_WARN_NON_LITERAL_NULL_CONVERSION = YES;
				CLANG_WARN_OBJC_IMPLICIT_RETAIN_SELF = YES;
				CLANG_WARN_OBJC_LITERAL_CONVERSION = YES;
				CLANG_WARN_OBJC_ROOT_CLASS = YES_ERROR;
				CLANG_WARN_QUOTED_INCLUDE_IN_FRAMEWORK_HEADER = YES;
				CLANG_WARN_RANGE_LOOP_ANALYSIS = YES;
				CLANG_WARN_STRICT_PROTOTYPES = YES;
				CLANG_WARN_SUSPICIOUS_MOVE = YES;
				CLANG_WARN_UNGUARDED_AVAILABILITY = YES_AGGRESSIVE;
				CLANG_WARN_UNREACHABLE_CODE = YES;
				CLANG_WARN__DUPLICATE_METHOD_MATCH = YES;
				COPY_PHASE_STRIP = NO;
				DEBUG_INFORMATION_FORMAT = dwarf;
				ENABLE_STRICT_OBJC_MSGSEND = YES;
				ENABLE_TESTABILITY = YES;
				ENABLE_USER_SCRIPT_SANDBOXING = YES;
				GCC_C_LANGUAGE_STANDARD = gnu17;
				GCC_DYNAMIC_NO_PIC = NO;
				GCC_NO_COMMON_BLOCKS = YES;
				GCC_OPTIMIZATION_LEVEL = 0;
				GCC_PREPROCESSOR_DEFINITIONS = (
					"DEBUG=1",
					"$(inherited)",
				);
				GCC_WARN_64_TO_32_BIT_CONVERSION = YES;
				GCC_WARN_ABOUT_RETURN_TYPE = YES_ERROR;
				GCC_WARN_UNDECLARED_SELECTOR = YES;
				GCC_WARN_UNINITIALIZED_AUTOS = YES_AGGRESSIVE;
				GCC_WARN_UNUSED_FUNCTION = YES;
				GCC_WARN_UNUSED_VARIABLE = YES;
				HEADER_SEARCH_PATHS = "${PROJECT_DIR}/ACPICA/include";
				LOCALIZATION_PREFERS_STRING_CATALOGS = YES;
				MACOSX_DEPLOYMENT_TARGET = 15.4;
				MTL_ENABLE_DEBUG_INFO = INCLUDE_SOURCE;
				MTL_FAST_MATH = YES;
				ONLY_ACTIVE_ARCH = NO;
				SDKROOT = macosx;
				SYSTEM_HEADER_SEARCH_PATHS = "$(PROJECT_DIR)";
				TARGETED_DEVICE_FAMILY = x86_64;
			};
			name = Debug;
		};
		8C084B982DC334D60010499B /* Release */ = {
			isa = XCBuildConfiguration;
			buildSettings = {
				ALWAYS_SEARCH_USER_PATHS = NO;
				ASSETCATALOG_COMPILER_GENERATE_SWIFT_ASSET_SYMBOL_EXTENSIONS = YES;
				CLANG_ANALYZER_NONNULL = YES;
				CLANG_ANALYZER_NUMBER_OBJECT_CONVERSION = YES_AGGRESSIVE;
				CLANG_CXX_LANGUAGE_STANDARD = "gnu++20";
				CLANG_ENABLE_MODULES = YES;
				CLANG_ENABLE_OBJC_ARC = YES;
				CLANG_ENABLE_OBJC_WEAK = YES;
				CLANG_WARN_BLOCK_CAPTURE_AUTORELEASING = YES;
				CLANG_WARN_BOOL_CONVERSION = YES;
				CLANG_WARN_COMMA = YES;
				CLANG_WARN_CONSTANT_CONVERSION = YES;
				CLANG_WARN_DEPRECATED_OBJC_IMPLEMENTATIONS = YES;
				CLANG_WARN_DIRECT_OBJC_ISA_USAGE = YES_ERROR;
				CLANG_WARN_DOCUMENTATION_COMMENTS = YES;
				CLANG_WARN_EMPTY_BODY = YES;
				CLANG_WARN_ENUM_CONVERSION = YES;
				CLANG_WARN_INFINITE_RECURSION = YES;
				CLANG_WARN_INT_CONVERSION = YES;
				CLANG_WARN_NON_LITERAL_NULL_CONVERSION = YES;
				CLANG_WARN_OBJC_IMPLICIT_RETAIN_SELF = YES;
				CLANG_WARN_OBJC_LITERAL_CONVERSION = YES;
				CLANG_WARN_OBJC_ROOT_CLASS = YES_ERROR;
				CLANG_WARN_QUOTED_INCLUDE_IN_FRAMEWORK_HEADER = YES;
				CLANG_WARN_RANGE_LOOP_ANALYSIS = YES;
				CLANG_WARN_STRICT_PROTOTYPES = YES;
				CLANG_WARN_SUSPICIOUS_MOVE = YES;
				CLANG_WARN_UNGUARDED_AVAILABILITY = YES_AGGRESSIVE;
				CLANG_WARN_UNREACHABLE_CODE = YES;
				CLANG_WARN__DUPLICATE_METHOD_MATCH = YES;
				COPY_PHASE_STRIP = NO;
				DEBUG_INFORMATION_FORMAT = "dwarf-with-dsym";
				ENABLE_NS_ASSERTIONS = NO;
				ENABLE_STRICT_OBJC_MSGSEND = YES;
				ENABLE_USER_SCRIPT_SANDBOXING = YES;
				GCC_C_LANGUAGE_STANDARD = gnu17;
				GCC_NO_COMMON_BLOCKS = YES;
				GCC_WARN_64_TO_32_BIT_CONVERSION = YES;
				GCC_WARN_ABOUT_RETURN_TYPE = YES_ERROR;
				GCC_WARN_UNDECLARED_SELECTOR = YES;
				GCC_WARN_UNINITIALIZED_AUTOS = YES_AGGRESSIVE;
				GCC_WARN_UNUSED_FUNCTION = YES;
				GCC_WARN_UNUSED_VARIABLE = YES;
				HEADER_SEARCH_PATHS = "${PROJECT_DIR}/ACPICA/include";
				LOCALIZATION_PREFERS_STRING_CATALOGS = YES;
				MACOSX_DEPLOYMENT_TARGET = 15.4;
				MTL_ENABLE_DEBUG_INFO = NO;
				MTL_FAST_MATH = YES;
				ONLY_ACTIVE_ARCH = NO;
				SDKROOT = macosx;
				SYSTEM_HEADER_SEARCH_PATHS = "$(PROJECT_DIR)";
				TARGETED_DEVICE_FAMILY = x86_64;
			};
			name = Release;
		};
		F043C15F2DE30CDC00349FD5 /* Debug */ = {
			isa = XCBuildConfiguration;
			buildSettings = {
				CLANG_WARN_QUOTED_INCLUDE_IN_FRAMEWORK_HEADER = NO;
				CODE_SIGN_STYLE = Automatic;
				COMBINE_HIDPI_IMAGES = YES;
				CURRENT_PROJECT_VERSION = 1.0.0d1;
				GENERATE_INFOPLIST_FILE = YES;
				INFOPLIST_FILE = PDACPIRTC/Info.plist;
				INFOPLIST_KEY_NSHumanReadableCopyright = "";
				MACOSX_DEPLOYMENT_TARGET = 10.6;
				MARKETING_VERSION = 1.0;
				MODULE_NAME = org.puredarwin.driver.PDACPIRTC;
				MODULE_VERSION = 1.0.0d1;
				ONLY_ACTIVE_ARCH = YES;
				PRODUCT_BUNDLE_IDENTIFIER = org.puredarwin.driver.PDACPIRTC;
				PRODUCT_NAME = "$(TARGET_NAME)";
				RUN_CLANG_STATIC_ANALYZER = YES;
				SWIFT_EMIT_LOC_STRINGS = YES;
				WRAPPER_EXTENSION = kext;
			};
			name = Debug;
		};
		F043C1602DE30CDC00349FD5 /* Release */ = {
			isa = XCBuildConfiguration;
			buildSettings = {
				CLANG_WARN_QUOTED_INCLUDE_IN_FRAMEWORK_HEADER = NO;
				CODE_SIGN_STYLE = Automatic;
				COMBINE_HIDPI_IMAGES = YES;
				CURRENT_PROJECT_VERSION = 1.0.0d1;
				GENERATE_INFOPLIST_FILE = YES;
				INFOPLIST_FILE = PDACPIRTC/Info.plist;
				INFOPLIST_KEY_NSHumanReadableCopyright = "";
				MACOSX_DEPLOYMENT_TARGET = 10.6;
				MARKETING_VERSION = 1.0;
				MODULE_NAME = org.puredarwin.driver.PDACPIRTC;
				MODULE_VERSION = 1.0.0d1;
				PRODUCT_BUNDLE_IDENTIFIER = org.puredarwin.driver.PDACPIRTC;
				PRODUCT_NAME = "$(TARGET_NAME)";
				RUN_CLANG_STATIC_ANALYZER = YES;
				SWIFT_EMIT_LOC_STRINGS = YES;
				WRAPPER_EXTENSION = kext;
			};
			name = Release;
		};
		F07CFB2D2F7C549E00E313C5 /* Debug */ = {
			isa = XCBuildConfiguration;
			buildSettings = {
				CLANG_CXX_LANGUAGE_STANDARD = "gnu++14";
				CLANG_CXX_LIBRARY = "libc++";
				CODE_SIGN_STYLE = Automatic;
				COMBINE_HIDPI_IMAGES = YES;
				CURRENT_PROJECT_VERSION = 1.0.0d1;
				GCC_C_LANGUAGE_STANDARD = gnu11;
				INFOPLIST_FILE = PDACPIButtons/Info.plist;
				MACOSX_DEPLOYMENT_TARGET = 10.15;
				MODULE_NAME = org.puredarwin.driver.PDACPIButtons;
				MODULE_VERSION = 1.0.0d1;
				ONLY_ACTIVE_ARCH = YES;
				PRODUCT_BUNDLE_IDENTIFIER = org.puredarwin.driver.PDACPIButtons;
				PRODUCT_NAME = "$(TARGET_NAME)";
				WRAPPER_EXTENSION = kext;
			};
			name = Debug;
		};
		F07CFB2E2F7C549E00E313C5 /* Release */ = {
			isa = XCBuildConfiguration;
			buildSettings = {
				CLANG_CXX_LANGUAGE_STANDARD = "gnu++14";
				CLANG_CXX_LIBRARY = "libc++";
				CODE_SIGN_STYLE = Automatic;
				COMBINE_HIDPI_IMAGES = YES;
				CURRENT_PROJECT_VERSION = 1.0.0d1;
				GCC_C_LANGUAGE_STANDARD = gnu11;
				INFOPLIST_FILE = PDACPIButtons/Info.plist;
				MACOSX_DEPLOYMENT_TARGET = 10.15;
				MODULE_NAME = org.puredarwin.driver.PDACPIButtons;
				MODULE_VERSION = 1.0.0d1;
				PRODUCT_BUNDLE_IDENTIFIER = org.puredarwin.driver.PDACPIButtons;
				PRODUCT_NAME = "$(TARGET_NAME)";
				WRAPPER_EXTENSION = kext;
			};
			name = Release;
		};
/* End XCBuildConfiguration section */

/* Begin XCConfigurationList section */
		7E5EE13C2EAC8277006AF949 /* Build configuration list for PBXNativeTarget "PDACPIPCIDriver" */ = {
			isa = XCConfigurationList;
			buildConfigurations = (
				7E5EE13D2EAC8277006AF949 /* Debug */,
				7E5EE13E2EAC8277006AF949 /* Release */,
			);
			defaultConfigurationIsVisible = 0;
			defaultConfigurationName = Release;
		};
		8C084B872DC334D50010499B /* Build configuration list for PBXProject "PDACPIPlatform" */ = {
			isa = XCConfigurationList;
			buildConfigurations = (
				8C084B972DC334D60010499B /* Debug */,
				8C084B982DC334D60010499B /* Release */,
			);
			defaultConfigurationIsVisible = 0;
			defaultConfigurationName = Release;
		};
		8C084B942DC334D60010499B /* Build configuration list for PBXNativeTarget "PDACPIPlatform" */ = {
			isa = XCConfigurationList;
			buildConfigurations = (
				8C084B952DC334D60010499B /* Debug */,
				8C084B962DC334D60010499B /* Release */,
			);
			defaultConfigurationIsVisible = 0;
			defaultConfigurationName = Release;
		};
		F043C15E2DE30CDC00349FD5 /* Build configuration list for PBXNativeTarget "PDACPIRTC" */ = {
			isa = XCConfigurationList;
			buildConfigurations = (
				F043C15F2DE30CDC00349FD5 /* Debug */,
				F043C1602DE30CDC00349FD5 /* Release */,
			);
			defaultConfigurationIsVisible = 0;
			defaultConfigurationName = Release;
		};
		F07CFB2F2F7C549E00E313C5 /* Build configuration list for PBXNativeTarget "PDACPIButtons" */ = {
			isa = XCConfigurationList;
			buildConfigurations = (
				F07CFB2D2F7C549E00E313C5 /* Debug */,
				F07CFB2E2F7C549E00E313C5 /* Release */,
			);
			defaultConfigurationIsVisible = 0;
			defaultConfigurationName = Release;
		};
/* End XCConfigurationList section */
	};
	rootObject = 8C084B842DC334D50010499B /* Project object */;
}
