// !$*UTF8*$!
{
	archiveVersion = 1;
	classes = {
	};
	objectVersion = 42;
	objects = {

/* Begin PBXBuildFile section */
		7E12EA982EA9B29000EEC84B /* PDACPIPlatformExpertOverrides.cpp in Sources */ = {isa = PBXBuildFile; fileRef = 7E12EA972EA9B29000EEC84B /* PDACPIPlatformExpertOverrides.cpp */; };
		7E5EE1382EAC8277006AF949 /* PDACPIPCIRootComplex.h in Headers */ = {isa = PBXBuildFile; fileRef = 7E5EE1372EAC8277006AF949 /* PDACPIPCIRootComplex.h */; };
		7E5EE13A2EAC8277006AF949 /* PDACPIPCIRootComplex.cpp in Sources */ = {isa = PBXBuildFile; fileRef = 7E5EE1392EAC8277006AF949 /* PDACPIPCIRootComplex.cpp */; };
		7E65611A2EA75BB50051A78A /* libacpica.a in Frameworks */ = {isa = PBXBuildFile; fileRef = 7E6561032EA752A10051A78A /* libacpica.a */; };
		F01A4A932DE12FE100349FD5 /* PDACPIPlatformExpert.cpp in Sources */ = {isa = PBXBuildFile; fileRef = F01A4A342DE12FE100349FD5 /* PDACPIPlatformExpert.cpp */; };
		F01A4ACF2DE12FE100349FD5 /* PDACPICPU.cpp in Sources */ = {isa = PBXBuildFile; fileRef = F01A4A332DE12FE100349FD5 /* PDACPICPU.cpp */; };
		F01A4B692DE12FE100349FD5 /* PDACPICPU.h in Headers */ = {isa = PBXBuildFile; fileRef = F01A4B5F2DE12FE100349FD5 /* PDACPICPU.h */; };
		F01A4B7A2DE12FE100349FD5 /* pci_config_access.h in Headers */ = {isa = PBXBuildFile; fileRef = F01A4B5E2DE12FE100349FD5 /* pci_config_access.h */; };
		F01A4B852DE12FE100349FD5 /* PDACPIPlatformExpert.h in Headers */ = {isa = PBXBuildFile; fileRef = F01A4B602DE12FE100349FD5 /* PDACPIPlatformExpert.h */; };
		F02692622DED901800349FD5 /* PDACPICPUInterruptController.h in Headers */ = {isa = PBXBuildFile; fileRef = F02692602DED901800349FD5 /* PDACPICPUInterruptController.h */; };
		F02692632DED901800349FD5 /* PDACPICPUInterruptController.cpp in Sources */ = {isa = PBXBuildFile; fileRef = F02692612DED901800349FD5 /* PDACPICPUInterruptController.cpp */; };
		F043C1642DE30E1F00349FD5 /* PDACPIRTC.kext in CopyFiles */ = {isa = PBXBuildFile; fileRef = F043C1562DE30CDC00349FD5 /* PDACPIRTC.kext */; settings = {ATTRIBUTES = (CodeSignOnCopy, ); }; };
		F043C16A2DE30E2E00349FD5 /* PDACPIRTC.cpp in Sources */ = {isa = PBXBuildFile; fileRef = F043C1672DE30E2E00349FD5 /* PDACPIRTC.cpp */; };
		F043C16B2DE30E2E00349FD5 /* PDACPIRTC.h in Headers */ = {isa = PBXBuildFile; fileRef = F043C1662DE30E2E00349FD5 /* PDACPIRTC.h */; };
/* End PBXBuildFile section */

/* Begin PBXContainerItemProxy section */
		7E65611B2EA75BB50051A78A /* PBXContainerItemProxy */ = {
			isa = PBXContainerItemProxy;
			containerPortal = 8C084B842DC334D50010499B /* Project object */;
			proxyType = 1;
			remoteGlobalIDString = 7E6561022EA752A10051A78A;
			remoteInfo = libacpica;
		};
/* End PBXContainerItemProxy section */

/* Begin PBXCopyFilesBuildPhase section */
		7E6561092EA754390051A78A /* CopyFiles */ = {
			isa = PBXCopyFilesBuildPhase;
			buildActionMask = 2147483647;
			dstPath = /usr/share/man/man1/;
			dstSubfolderSpec = 0;
			files = (
			);
			runOnlyForDeploymentPostprocessing = 1;
		};
		7E6561502EA761FD0051A78A /* CopyFiles */ = {
			isa = PBXCopyFilesBuildPhase;
			buildActionMask = 2147483647;
			dstPath = /usr/share/man/man1/;
			dstSubfolderSpec = 0;
			files = (
			);
			runOnlyForDeploymentPostprocessing = 1;
		};
		F043C1632DE30E0000349FD5 /* CopyFiles */ = {
			isa = PBXCopyFilesBuildPhase;
			buildActionMask = 2147483647;
			dstPath = PlugIns;
			dstSubfolderSpec = 0;
			files = (
				F043C1642DE30E1F00349FD5 /* PDACPIRTC.kext in CopyFiles */,
			);
			runOnlyForDeploymentPostprocessing = 0;
		};
/* End PBXCopyFilesBuildPhase section */

/* Begin PBXFileReference section */
		7E12EA972EA9B29000EEC84B /* PDACPIPlatformExpertOverrides.cpp */ = {isa = PBXFileReference; lastKnownFileType = sourcecode.cpp.cpp; path = PDACPIPlatformExpertOverrides.cpp; sourceTree = "<group>"; };
		7E5EE1352EAC8277006AF949 /* PDACPIPCIDriver.kext */ = {isa = PBXFileReference; explicitFileType = wrapper.cfbundle; includeInIndex = 0; path = PDACPIPCIDriver.kext; sourceTree = BUILT_PRODUCTS_DIR; };
		7E5EE1372EAC8277006AF949 /* PDACPIPCIRootComplex.h */ = {isa = PBXFileReference; lastKnownFileType = sourcecode.c.h; path = PDACPIPCIRootComplex.h; sourceTree = "<group>"; };
		7E5EE1392EAC8277006AF949 /* PDACPIPCIRootComplex.cpp */ = {isa = PBXFileReference; lastKnownFileType = sourcecode.cpp.cpp; path = PDACPIPCIRootComplex.cpp; sourceTree = "<group>"; };
		7E5EE13B2EAC8277006AF949 /* Info.plist */ = {isa = PBXFileReference; lastKnownFileType = text.plist.xml; path = Info.plist; sourceTree = "<group>"; };
		7E5EE1402EAC877D006AF949 /* IOPCIPrivate.h */ = {isa = PBXFileReference; lastKnownFileType = sourcecode.c.h; path = IOPCIPrivate.h; sourceTree = "<group>"; };
		7E6561032EA752A10051A78A /* libacpica.a */ = {isa = PBXFileReference; explicitFileType = archive.ar; includeInIndex = 0; path = libacpica.a; sourceTree = BUILT_PRODUCTS_DIR; };
		7E65610B2EA754390051A78A /* acpidump */ = {isa = PBXFileReference; explicitFileType = "compiled.mach-o.executable"; includeInIndex = 0; path = acpidump; sourceTree = BUILT_PRODUCTS_DIR; };
		7E6561412EA75E400051A78A /* PDACPIPlatformPrivate.h */ = {isa = PBXFileReference; lastKnownFileType = sourcecode.c.h; path = PDACPIPlatformPrivate.h; sourceTree = "<group>"; };
		7E6561522EA761FD0051A78A /* iasl */ = {isa = PBXFileReference; explicitFileType = "compiled.mach-o.executable"; includeInIndex = 0; path = iasl; sourceTree = BUILT_PRODUCTS_DIR; };
		8C084B8D2DC334D60010499B /* PDACPIPlatform.kext */ = {isa = PBXFileReference; explicitFileType = wrapper.cfbundle; includeInIndex = 0; path = PDACPIPlatform.kext; sourceTree = BUILT_PRODUCTS_DIR; };
		F01A4A332DE12FE100349FD5 /* PDACPICPU.cpp */ = {isa = PBXFileReference; lastKnownFileType = sourcecode.cpp.cpp; path = PDACPICPU.cpp; sourceTree = "<group>"; };
		F01A4A342DE12FE100349FD5 /* PDACPIPlatformExpert.cpp */ = {isa = PBXFileReference; lastKnownFileType = sourcecode.cpp.cpp; path = PDACPIPlatformExpert.cpp; sourceTree = "<group>"; };
		F01A4B5E2DE12FE100349FD5 /* pci_config_access.h */ = {isa = PBXFileReference; lastKnownFileType = sourcecode.c.h; path = pci_config_access.h; sourceTree = "<group>"; };
		F01A4B5F2DE12FE100349FD5 /* PDACPICPU.h */ = {isa = PBXFileReference; lastKnownFileType = sourcecode.c.h; path = PDACPICPU.h; sourceTree = "<group>"; };
		F01A4B602DE12FE100349FD5 /* PDACPIPlatformExpert.h */ = {isa = PBXFileReference; lastKnownFileType = sourcecode.c.h; path = PDACPIPlatformExpert.h; sourceTree = "<group>"; };
		F01A4BA52DE12FE100349FD5 /* ACPICA_LICENSE */ = {isa = PBXFileReference; lastKnownFileType = text; path = ACPICA_LICENSE; sourceTree = "<group>"; };
		F01A4BA62DE12FE100349FD5 /* Info.plist */ = {isa = PBXFileReference; lastKnownFileType = text.plist.xml; path = Info.plist; sourceTree = "<group>"; };
		F01A4BA72DE12FE100349FD5 /* LICENSE.txt */ = {isa = PBXFileReference; lastKnownFileType = text; path = LICENSE.txt; sourceTree = "<group>"; };
		F02692602DED901800349FD5 /* PDACPICPUInterruptController.h */ = {isa = PBXFileReference; lastKnownFileType = sourcecode.c.h; path = PDACPICPUInterruptController.h; sourceTree = "<group>"; };
		F02692612DED901800349FD5 /* PDACPICPUInterruptController.cpp */ = {isa = PBXFileReference; lastKnownFileType = sourcecode.cpp.cpp; path = PDACPICPUInterruptController.cpp; sourceTree = "<group>"; };
		F043C14E2DE2CAF100349FD5 /* IOCPU.h */ = {isa = PBXFileReference; lastKnownFileType = sourcecode.c.h; path = IOCPU.h; sourceTree = "<group>"; };
		F043C14F2DE2CAF100349FD5 /* IOPolledInterface.h */ = {isa = PBXFileReference; lastKnownFileType = sourcecode.c.h; path = IOPolledInterface.h; sourceTree = "<group>"; };
		F043C1562DE30CDC00349FD5 /* PDACPIRTC.kext */ = {isa = PBXFileReference; explicitFileType = wrapper.cfbundle; includeInIndex = 0; path = PDACPIRTC.kext; sourceTree = BUILT_PRODUCTS_DIR; };
		F043C1652DE30E2E00349FD5 /* Info.plist */ = {isa = PBXFileReference; lastKnownFileType = text.plist.xml; path = Info.plist; sourceTree = "<group>"; };
		F043C1662DE30E2E00349FD5 /* PDACPIRTC.h */ = {isa = PBXFileReference; lastKnownFileType = sourcecode.c.h; path = PDACPIRTC.h; sourceTree = "<group>"; };
		F043C1672DE30E2E00349FD5 /* PDACPIRTC.cpp */ = {isa = PBXFileReference; lastKnownFileType = sourcecode.cpp.cpp; path = PDACPIRTC.cpp; sourceTree = "<group>"; };
/* End PBXFileReference section */

/* Begin PBXFrameworksBuildPhase section */
		7E5EE1322EAC8277006AF949 /* Frameworks */ = {
			isa = PBXFrameworksBuildPhase;
			buildActionMask = 2147483647;
			files = (
			);
			runOnlyForDeploymentPostprocessing = 0;
		};
		7E6561012EA752A10051A78A /* Frameworks */ = {
			isa = PBXFrameworksBuildPhase;
			buildActionMask = 2147483647;
			files = (
			);
			runOnlyForDeploymentPostprocessing = 0;
		};
		7E6561082EA754390051A78A /* Frameworks */ = {
			isa = PBXFrameworksBuildPhase;
			buildActionMask = 2147483647;
			files = (
				7E65611A2EA75BB50051A78A /* libacpica.a in Frameworks */,
			);
			runOnlyForDeploymentPostprocessing = 0;
		};
		7E65614F2EA761FD0051A78A /* Frameworks */ = {
			isa = PBXFrameworksBuildPhase;
			buildActionMask = 2147483647;
			files = (
			);
			runOnlyForDeploymentPostprocessing = 0;
		};
		8C084B8A2DC334D60010499B /* Frameworks */ = {
			isa = PBXFrameworksBuildPhase;
			buildActionMask = 2147483647;
			files = (
			);
			runOnlyForDeploymentPostprocessing = 0;
		};
		F043C1532DE30CDC00349FD5 /* Frameworks */ = {
			isa = PBXFrameworksBuildPhase;
			buildActionMask = 2147483647;
			files = (
			);
			runOnlyForDeploymentPostprocessing = 0;
		};
/* End PBXFrameworksBuildPhase section */

/* Begin PBXGroup section */
		7E5EE1362EAC8277006AF949 /* PDACPIPCI */ = {
			isa = PBXGroup;
			children = (
				7E5EE1372EAC8277006AF949 /* PDACPIPCIRootComplex.h */,
				7E5EE1392EAC8277006AF949 /* PDACPIPCIRootComplex.cpp */,
				7E5EE13B2EAC8277006AF949 /* Info.plist */,
			);
			path = PDACPIPCI;
			sourceTree = "<group>";
		};
		7E5EE13F2EAC8600006AF949 /* pci */ = {
			isa = PBXGroup;
			children = (
				7E5EE1402EAC877D006AF949 /* IOPCIPrivate.h */,
			);
			path = pci;
			sourceTree = "<group>";
		};
		7E6561192EA75BB50051A78A /* Frameworks */ = {
			isa = PBXGroup;
			children = (
			);
			name = Frameworks;
			sourceTree = "<group>";
		};
		8C084B832DC334D50010499B = {
			isa = PBXGroup;
			children = (
				F043C14B2DE2CA6B00349FD5 /* ExternalHeaders */,
				F01A4BAF2DE13D2D00349FD5 /* PDACPIPlatform */,
				F043C1682DE30E2E00349FD5 /* PDACPIRTC */,
				7E5EE1362EAC8277006AF949 /* PDACPIPCI */,
				8C084B8E2DC334D60010499B /* Products */,
				7E6561192EA75BB50051A78A /* Frameworks */,
			);
			sourceTree = "<group>";
		};
		8C084B8E2DC334D60010499B /* Products */ = {
			isa = PBXGroup;
			children = (
				8C084B8D2DC334D60010499B /* PDACPIPlatform.kext */,
				F043C1562DE30CDC00349FD5 /* PDACPIRTC.kext */,
				7E6561032EA752A10051A78A /* libacpica.a */,
				7E65610B2EA754390051A78A /* acpidump */,
				7E6561522EA761FD0051A78A /* iasl */,
				7E5EE1352EAC8277006AF949 /* PDACPIPCIDriver.kext */,
			);
			name = Products;
			sourceTree = "<group>";
		};
		F01A4BAF2DE13D2D00349FD5 /* PDACPIPlatform */ = {
			isa = PBXGroup;
			children = (
				F01A4A332DE12FE100349FD5 /* PDACPICPU.cpp */,
				F02692612DED901800349FD5 /* PDACPICPUInterruptController.cpp */,
				7E12EA972EA9B29000EEC84B /* PDACPIPlatformExpertOverrides.cpp */,
				F01A4A342DE12FE100349FD5 /* PDACPIPlatformExpert.cpp */,
				F01A4B5E2DE12FE100349FD5 /* pci_config_access.h */,
				7E6561412EA75E400051A78A /* PDACPIPlatformPrivate.h */,
				F01A4B5F2DE12FE100349FD5 /* PDACPICPU.h */,
				F02692602DED901800349FD5 /* PDACPICPUInterruptController.h */,
				F01A4B602DE12FE100349FD5 /* PDACPIPlatformExpert.h */,
				F01A4BA52DE12FE100349FD5 /* ACPICA_LICENSE */,
				F01A4BA62DE12FE100349FD5 /* Info.plist */,
				F01A4BA72DE12FE100349FD5 /* LICENSE.txt */,
			);
			path = PDACPIPlatform;
			sourceTree = "<group>";
		};
		F043C14B2DE2CA6B00349FD5 /* ExternalHeaders */ = {
			isa = PBXGroup;
			children = (
				F043C14C2DE2CA7200349FD5 /* IOKit */,
			);
			path = ExternalHeaders;
			sourceTree = "<group>";
		};
		F043C14C2DE2CA7200349FD5 /* IOKit */ = {
			isa = PBXGroup;
			children = (
				7E5EE13F2EAC8600006AF949 /* pci */,
				F043C14E2DE2CAF100349FD5 /* IOCPU.h */,
				F043C14F2DE2CAF100349FD5 /* IOPolledInterface.h */,
			);
			path = IOKit;
			sourceTree = "<group>";
		};
		F043C1682DE30E2E00349FD5 /* PDACPIRTC */ = {
			isa = PBXGroup;
			children = (
				F043C1652DE30E2E00349FD5 /* Info.plist */,
				F043C1662DE30E2E00349FD5 /* PDACPIRTC.h */,
				F043C1672DE30E2E00349FD5 /* PDACPIRTC.cpp */,
			);
			path = PDACPIRTC;
			sourceTree = "<group>";
		};
/* End PBXGroup section */

/* Begin PBXHeadersBuildPhase section */
		7E5EE1302EAC8277006AF949 /* Headers */ = {
			isa = PBXHeadersBuildPhase;
			buildActionMask = 2147483647;
			files = (
				7E5EE1382EAC8277006AF949 /* PDACPIPCIRootComplex.h in Headers */,
			);
			runOnlyForDeploymentPostprocessing = 0;
		};
		7E6560FF2EA752A10051A78A /* Headers */ = {
			isa = PBXHeadersBuildPhase;
			buildActionMask = 2147483647;
			files = (
			);
			runOnlyForDeploymentPostprocessing = 0;
		};
		8C084B882DC334D60010499B /* Headers */ = {
			isa = PBXHeadersBuildPhase;
			buildActionMask = 2147483647;
			files = (
				F01A4B692DE12FE100349FD5 /* PDACPICPU.h in Headers */,
				F02692622DED901800349FD5 /* PDACPICPUInterruptController.h in Headers */,
				F01A4B7A2DE12FE100349FD5 /* pci_config_access.h in Headers */,
				F01A4B852DE12FE100349FD5 /* PDACPIPlatformExpert.h in Headers */,
			);
			runOnlyForDeploymentPostprocessing = 0;
		};
		F043C1512DE30CDC00349FD5 /* Headers */ = {
			isa = PBXHeadersBuildPhase;
			buildActionMask = 2147483647;
			files = (
				F043C16B2DE30E2E00349FD5 /* PDACPIRTC.h in Headers */,
			);
			runOnlyForDeploymentPostprocessing = 0;
		};
/* End PBXHeadersBuildPhase section */

/* Begin PBXNativeTarget section */
		7E5EE1342EAC8277006AF949 /* PDACPIPCIDriver */ = {
			isa = PBXNativeTarget;
			buildConfigurationList = 7E5EE13C2EAC8277006AF949 /* Build configuration list for PBXNativeTarget "PDACPIPCIDriver" */;
			buildPhases = (
				7E5EE1302EAC8277006AF949 /* Headers */,
				7E5EE1312EAC8277006AF949 /* Sources */,
				7E5EE1322EAC8277006AF949 /* Frameworks */,
				7E5EE1332EAC8277006AF949 /* Resources */,
			);
			buildRules = (
			);
			dependencies = (
			);
			name = PDACPIPCIDriver;
			productName = PureACPIPCI;
			productReference = 7E5EE1352EAC8277006AF949 /* PDACPIPCIDriver.kext */;
			productType = "com.apple.product-type.kernel-extension";
		};
		7E6561022EA752A10051A78A /* libacpica */ = {
			isa = PBXNativeTarget;
			buildConfigurationList = 7E6561042EA752A20051A78A /* Build configuration list for PBXNativeTarget "libacpica" */;
			buildPhases = (
				7E6560FF2EA752A10051A78A /* Headers */,
				7E6561002EA752A10051A78A /* Sources */,
				7E6561012EA752A10051A78A /* Frameworks */,
			);
			buildRules = (
			);
			dependencies = (
			);
			name = libacpica;
			productName = libacpica;
			productReference = 7E6561032EA752A10051A78A /* libacpica.a */;
			productType = "com.apple.product-type.library.static";
		};
		7E65610A2EA754390051A78A /* acpidump */ = {
			isa = PBXNativeTarget;
			buildConfigurationList = 7E65610F2EA754390051A78A /* Build configuration list for PBXNativeTarget "acpidump" */;
			buildPhases = (
				7E6561072EA754390051A78A /* Sources */,
				7E6561082EA754390051A78A /* Frameworks */,
				7E6561092EA754390051A78A /* CopyFiles */,
			);
			buildRules = (
			);
			dependencies = (
				7E65611C2EA75BB50051A78A /* PBXTargetDependency */,
			);
			name = acpidump;
			productName = acpidump;
			productReference = 7E65610B2EA754390051A78A /* acpidump */;
			productType = "com.apple.product-type.tool";
		};
		7E6561512EA761FD0051A78A /* iasl */ = {
			isa = PBXNativeTarget;
			buildConfigurationList = 7E6561562EA761FD0051A78A /* Build configuration list for PBXNativeTarget "iasl" */;
			buildPhases = (
				7E65614E2EA761FD0051A78A /* Sources */,
				7E65614F2EA761FD0051A78A /* Frameworks */,
				7E6561502EA761FD0051A78A /* CopyFiles */,
			);
			buildRules = (
			);
			dependencies = (
			);
			name = iasl;
			productName = iasl;
			productReference = 7E6561522EA761FD0051A78A /* iasl */;
			productType = "com.apple.product-type.tool";
		};
		8C084B8C2DC334D60010499B /* PDACPIPlatform */ = {
			isa = PBXNativeTarget;
			buildConfigurationList = 8C084B942DC334D60010499B /* Build configuration list for PBXNativeTarget "PDACPIPlatform" */;
			buildPhases = (
				8C084B882DC334D60010499B /* Headers */,
				8C084B892DC334D60010499B /* Sources */,
				8C084B8A2DC334D60010499B /* Frameworks */,
				F043C1612DE30DF300349FD5 /* Resources */,
				F043C1632DE30E0000349FD5 /* CopyFiles */,
			);
			buildRules = (
			);
			dependencies = (
			);
			name = PDACPIPlatform;
			packageProductDependencies = (
			);
			productName = PDACPIPlatform;
			productReference = 8C084B8D2DC334D60010499B /* PDACPIPlatform.kext */;
			productType = "com.apple.product-type.kernel-extension";
		};
		F043C1552DE30CDC00349FD5 /* PDACPIRTC */ = {
			isa = PBXNativeTarget;
			buildConfigurationList = F043C15E2DE30CDC00349FD5 /* Build configuration list for PBXNativeTarget "PDACPIRTC" */;
			buildPhases = (
				F043C1512DE30CDC00349FD5 /* Headers */,
				F043C1522DE30CDC00349FD5 /* Sources */,
				F043C1532DE30CDC00349FD5 /* Frameworks */,
				F043C1542DE30CDC00349FD5 /* Resources */,
			);
			buildRules = (
			);
			dependencies = (
			);
			name = PDACPIRTC;
			packageProductDependencies = (
			);
			productName = PDACPIRTC;
			productReference = F043C1562DE30CDC00349FD5 /* PDACPIRTC.kext */;
			productType = "com.apple.product-type.kernel-extension";
		};
/* End PBXNativeTarget section */

/* Begin PBXProject section */
		8C084B842DC334D50010499B /* Project object */ = {
			isa = PBXProject;
			attributes = {
				LastUpgradeCheck = 1630;
				TargetAttributes = {
					7E5EE1342EAC8277006AF949 = {
						CreatedOnToolsVersion = 15.2;
						ProvisioningStyle = Automatic;
					};
					7E6561022EA752A10051A78A = {
						CreatedOnToolsVersion = 15.2;
						ProvisioningStyle = Automatic;
					};
					7E65610A2EA754390051A78A = {
						CreatedOnToolsVersion = 15.2;
						ProvisioningStyle = Automatic;
					};
					7E6561512EA761FD0051A78A = {
						CreatedOnToolsVersion = 15.2;
						ProvisioningStyle = Automatic;
					};
					8C084B8C2DC334D60010499B = {
						CreatedOnToolsVersion = 16.3;
						ProvisioningStyle = Automatic;
					};
					F043C1552DE30CDC00349FD5 = {
						CreatedOnToolsVersion = 16.3;
						ProvisioningStyle = Automatic;
					};
				};
			};
			buildConfigurationList = 8C084B872DC334D50010499B /* Build configuration list for PBXProject "PDACPIPlatform" */;
			compatibilityVersion = "Xcode 2.4";
			developmentRegion = en;
			hasScannedForEncodings = 0;
			knownRegions = (
				en,
				Base,
			);
			mainGroup = 8C084B832DC334D50010499B;
			productRefGroup = 8C084B8E2DC334D60010499B /* Products */;
			projectDirPath = "";
			projectRoot = "";
			targets = (
				8C084B8C2DC334D60010499B /* PDACPIPlatform */,
				F043C1552DE30CDC00349FD5 /* PDACPIRTC */,
				7E6561022EA752A10051A78A /* libacpica */,
				7E65610A2EA754390051A78A /* acpidump */,
				7E6561512EA761FD0051A78A /* iasl */,
				7E5EE1342EAC8277006AF949 /* PDACPIPCIDriver */,
			);
		};
/* End PBXProject section */

/* Begin PBXResourcesBuildPhase section */
		7E5EE1332EAC8277006AF949 /* Resources */ = {
			isa = PBXResourcesBuildPhase;
			buildActionMask = 2147483647;
			files = (
			);
			runOnlyForDeploymentPostprocessing = 0;
		};
		F043C1542DE30CDC00349FD5 /* Resources */ = {
			isa = PBXResourcesBuildPhase;
			buildActionMask = 2147483647;
			files = (
			);
			runOnlyForDeploymentPostprocessing = 0;
		};
		F043C1612DE30DF300349FD5 /* Resources */ = {
			isa = PBXResourcesBuildPhase;
			buildActionMask = 2147483647;
			files = (
			);
			runOnlyForDeploymentPostprocessing = 0;
		};
/* End PBXResourcesBuildPhase section */

/* Begin PBXSourcesBuildPhase section */
		7E5EE1312EAC8277006AF949 /* Sources */ = {
			isa = PBXSourcesBuildPhase;
			buildActionMask = 2147483647;
			files = (
				7E5EE13A2EAC8277006AF949 /* PDACPIPCIRootComplex.cpp in Sources */,
			);
			runOnlyForDeploymentPostprocessing = 0;
		};
		7E6561002EA752A10051A78A /* Sources */ = {
			isa = PBXSourcesBuildPhase;
			buildActionMask = 2147483647;
			files = (
			);
			runOnlyForDeploymentPostprocessing = 0;
		};
		7E6561072EA754390051A78A /* Sources */ = {
			isa = PBXSourcesBuildPhase;
			buildActionMask = 2147483647;
			files = (
			);
			runOnlyForDeploymentPostprocessing = 0;
		};
		7E65614E2EA761FD0051A78A /* Sources */ = {
			isa = PBXSourcesBuildPhase;
			buildActionMask = 2147483647;
			files = (
			);
			runOnlyForDeploymentPostprocessing = 0;
		};
		8C084B892DC334D60010499B /* Sources */ = {
			isa = PBXSourcesBuildPhase;
			buildActionMask = 2147483647;
			files = (
				F01A4A932DE12FE100349FD5 /* PDACPIPlatformExpert.cpp in Sources */,
				F01A4ACF2DE12FE100349FD5 /* PDACPICPU.cpp in Sources */,
				7E12EA982EA9B29000EEC84B /* PDACPIPlatformExpertOverrides.cpp in Sources */,
				F02692632DED901800349FD5 /* PDACPICPUInterruptController.cpp in Sources */,
			);
			runOnlyForDeploymentPostprocessing = 0;
		};
		F043C1522DE30CDC00349FD5 /* Sources */ = {
			isa = PBXSourcesBuildPhase;
			buildActionMask = 2147483647;
			files = (
				F043C16A2DE30E2E00349FD5 /* PDACPIRTC.cpp in Sources */,
			);
			runOnlyForDeploymentPostprocessing = 0;
		};
/* End PBXSourcesBuildPhase section */

/* Begin PBXTargetDependency section */
		7E65611C2EA75BB50051A78A /* PBXTargetDependency */ = {
			isa = PBXTargetDependency;
			target = 7E6561022EA752A10051A78A /* libacpica */;
			targetProxy = 7E65611B2EA75BB50051A78A /* PBXContainerItemProxy */;
		};
/* End PBXTargetDependency section */

/* Begin XCBuildConfiguration section */
		7E5EE13D2EAC8277006AF949 /* Debug */ = {
			isa = XCBuildConfiguration;
			buildSettings = {
				CLANG_WARN_QUOTED_INCLUDE_IN_FRAMEWORK_HEADER = NO;
				CODE_SIGN_STYLE = Automatic;
				COMBINE_HIDPI_IMAGES = YES;
				CURRENT_PROJECT_VERSION = 1.0.0d1;
				GENERATE_INFOPLIST_FILE = YES;
				INFOPLIST_FILE = PureACPIPCI/Info.plist;
				INFOPLIST_KEY_NSHumanReadableCopyright = "";
				MACOSX_DEPLOYMENT_TARGET = 10.13;
				MARKETING_VERSION = 1.0;
				MODULE_NAME = org.puredarwin.driver.PureACPIPCI;
				MODULE_VERSION = 1.0.0d1;
				ONLY_ACTIVE_ARCH = YES;
				PRODUCT_BUNDLE_IDENTIFIER = org.puredarwin.driver.PDACPIPCIDriver;
				PRODUCT_NAME = "$(TARGET_NAME)";
				RUN_CLANG_STATIC_ANALYZER = YES;
				SWIFT_EMIT_LOC_STRINGS = YES;
				WRAPPER_EXTENSION = kext;
			};
			name = Debug;
		};
		7E5EE13E2EAC8277006AF949 /* Release */ = {
			isa = XCBuildConfiguration;
			buildSettings = {
				CLANG_WARN_QUOTED_INCLUDE_IN_FRAMEWORK_HEADER = NO;
				CODE_SIGN_STYLE = Automatic;
				COMBINE_HIDPI_IMAGES = YES;
				CURRENT_PROJECT_VERSION = 1.0.0d1;
				GENERATE_INFOPLIST_FILE = YES;
				INFOPLIST_FILE = PureACPIPCI/Info.plist;
				INFOPLIST_KEY_NSHumanReadableCopyright = "";
				MACOSX_DEPLOYMENT_TARGET = 10.13;
				MARKETING_VERSION = 1.0;
				MODULE_NAME = org.puredarwin.driver.PureACPIPCI;
				MODULE_VERSION = 1.0.0d1;
				PRODUCT_BUNDLE_IDENTIFIER = org.puredarwin.driver.PDACPIPCIDriver;
				PRODUCT_NAME = "$(TARGET_NAME)";
				RUN_CLANG_STATIC_ANALYZER = YES;
				SWIFT_EMIT_LOC_STRINGS = YES;
				WRAPPER_EXTENSION = kext;
			};
			name = Release;
		};
		7E6561052EA752A20051A78A /* Debug */ = {
			isa = XCBuildConfiguration;
			buildSettings = {
				CODE_SIGN_STYLE = Automatic;
				EXECUTABLE_PREFIX = "";
				MACOSX_DEPLOYMENT_TARGET = 10.13;
				ONLY_ACTIVE_ARCH = YES;
				PRODUCT_NAME = "$(TARGET_NAME)";
				SKIP_INSTALL = YES;
			};
			name = Debug;
		};
		7E6561062EA752A20051A78A /* Release */ = {
			isa = XCBuildConfiguration;
			buildSettings = {
				CODE_SIGN_STYLE = Automatic;
				EXECUTABLE_PREFIX = "";
				MACOSX_DEPLOYMENT_TARGET = 10.13;
				PRODUCT_NAME = "$(TARGET_NAME)";
				SKIP_INSTALL = YES;
			};
			name = Release;
		};
		7E6561102EA754390051A78A /* Debug */ = {
			isa = XCBuildConfiguration;
			buildSettings = {
				CLANG_CXX_LANGUAGE_STANDARD = "c++98";
				CODE_SIGN_STYLE = Automatic;
				GCC_C_LANGUAGE_STANDARD = c99;
				GCC_PREPROCESSOR_DEFINITIONS = (
					"ACPI_APPLICATION=1",
					"_PUREDARWIN=1",
				);
				MACOSX_DEPLOYMENT_TARGET = 10.13;
				ONLY_ACTIVE_ARCH = YES;
				PRODUCT_NAME = "$(TARGET_NAME)";
			};
			name = Debug;
		};
		7E6561112EA754390051A78A /* Release */ = {
			isa = XCBuildConfiguration;
			buildSettings = {
				CLANG_CXX_LANGUAGE_STANDARD = "c++98";
				CODE_SIGN_STYLE = Automatic;
				GCC_C_LANGUAGE_STANDARD = c99;
				GCC_PREPROCESSOR_DEFINITIONS = (
					"ACPI_APPLICATION=1",
					"_PUREDARWIN=1",
				);
				MACOSX_DEPLOYMENT_TARGET = 10.13;
				PRODUCT_NAME = "$(TARGET_NAME)";
			};
			name = Release;
		};
		7E6561572EA761FD0051A78A /* Debug */ = {
			isa = XCBuildConfiguration;
			buildSettings = {
				CODE_SIGN_STYLE = Automatic;
				GCC_PREPROCESSOR_DEFINITIONS = (
					"ACPI_ASL_COMPILER=1",
					"ACPI_IASL_APP=1",
					"ACPI_APPLICATION=1",
					"ACPI_DISASSEMBLER=1",
				);
				MACOSX_DEPLOYMENT_TARGET = 13.7;
				ONLY_ACTIVE_ARCH = YES;
				PRODUCT_NAME = "$(TARGET_NAME)";
				YACC_GENERATED_FILE_STEM = InputFileStem;
			};
			name = Debug;
		};
		7E6561582EA761FD0051A78A /* Release */ = {
			isa = XCBuildConfiguration;
			buildSettings = {
				CODE_SIGN_STYLE = Automatic;
				GCC_PREPROCESSOR_DEFINITIONS = (
					"ACPI_ASL_COMPILER=1",
					"ACPI_IASL_APP=1",
					"ACPI_APPLICATION=1",
					"ACPI_DISASSEMBLER=1",
				);
				MACOSX_DEPLOYMENT_TARGET = 13.7;
				PRODUCT_NAME = "$(TARGET_NAME)";
				YACC_GENERATED_FILE_STEM = InputFileStem;
			};
			name = Release;
		};
		8C084B952DC334D60010499B /* Debug */ = {
			isa = XCBuildConfiguration;
			buildSettings = {
				ARCHS = "$(ARCHS_STANDARD)";
				CLANG_CXX_LANGUAGE_STANDARD = "compiler-default";
				CLANG_WARN_QUOTED_INCLUDE_IN_FRAMEWORK_HEADER = NO;
				CODE_SIGN_STYLE = Automatic;
				CURRENT_PROJECT_VERSION = 1;
				GCC_C_LANGUAGE_STANDARD = "compiler-default";
				GCC_PREPROCESSOR_DEFINITIONS = (
					"PDACPI_BUILDING_PLATFORM=1",
					"DEBUG=1",
				);
				GENERATE_INFOPLIST_FILE = YES;
				HEADER_SEARCH_PATHS = "${PROJECT_DIR}/ACPICA/include";
				INFOPLIST_FILE = PDACPIPlatform/Info.plist;
				INFOPLIST_KEY_NSHumanReadableCopyright = "";
				MACOSX_DEPLOYMENT_TARGET = 10.6;
				MARKETING_VERSION = 1.0;
				MODULE_NAME = org.puredarwin.driver.PDACPIPlatform;
				MODULE_START = PDACPIPlatform_start;
				MODULE_STOP = PDACPIPlatform_stop;
				MODULE_VERSION = 1.0.0d1;
				OTHER_CFLAGS = (
					"-Wno-implicit-conversion",
					"-Wno-deprected",
				);
				PRODUCT_BUNDLE_IDENTIFIER = org.puredarwin.driver.PDACPIPlatform;
				PRODUCT_NAME = "$(TARGET_NAME)";
				RUN_CLANG_STATIC_ANALYZER = YES;
				SWIFT_EMIT_LOC_STRINGS = YES;
				TARGETED_DEVICE_FAMILY = "";
				WRAPPER_EXTENSION = kext;
			};
			name = Debug;
		};
		8C084B962DC334D60010499B /* Release */ = {
			isa = XCBuildConfiguration;
			buildSettings = {
				ARCHS = "$(ARCHS_STANDARD)";
				CLANG_CXX_LANGUAGE_STANDARD = "compiler-default";
				CLANG_WARN_QUOTED_INCLUDE_IN_FRAMEWORK_HEADER = NO;
				CODE_SIGN_STYLE = Automatic;
				CURRENT_PROJECT_VERSION = 1;
				GCC_C_LANGUAGE_STANDARD = "compiler-default";
				GCC_PREPROCESSOR_DEFINITIONS = "PDACPI_BUILDING_PLATFORM=1";
				GENERATE_INFOPLIST_FILE = YES;
				HEADER_SEARCH_PATHS = "${PROJECT_DIR}/ACPICA/include";
				INFOPLIST_FILE = PDACPIPlatform/Info.plist;
				INFOPLIST_KEY_NSHumanReadableCopyright = "";
				MACOSX_DEPLOYMENT_TARGET = 10.6;
				MARKETING_VERSION = 1.0;
				MODULE_NAME = org.puredarwin.driver.PDACPIPlatform;
				MODULE_START = PDACPIPlatform_start;
				MODULE_STOP = PDACPIPlatform_stop;
				MODULE_VERSION = 1.0.0d1;
				OTHER_CFLAGS = (
					"-Wno-implicit-conversion",
					"-Wno-deprected",
				);
				PRODUCT_BUNDLE_IDENTIFIER = org.puredarwin.driver.PDACPIPlatform;
				PRODUCT_NAME = "$(TARGET_NAME)";
				RUN_CLANG_STATIC_ANALYZER = YES;
				SWIFT_EMIT_LOC_STRINGS = YES;
				TARGETED_DEVICE_FAMILY = "";
				WRAPPER_EXTENSION = kext;
			};
			name = Release;
		};
		8C084B972DC334D60010499B /* Debug */ = {
			isa = XCBuildConfiguration;
			buildSettings = {
				ALWAYS_SEARCH_USER_PATHS = NO;
				ASSETCATALOG_COMPILER_GENERATE_SWIFT_ASSET_SYMBOL_EXTENSIONS = YES;
				CLANG_ANALYZER_NONNULL = YES;
				CLANG_ANALYZER_NUMBER_OBJECT_CONVERSION = YES_AGGRESSIVE;
				CLANG_CXX_LANGUAGE_STANDARD = "gnu++20";
				CLANG_ENABLE_MODULES = YES;
				CLANG_ENABLE_OBJC_ARC = YES;
				CLANG_ENABLE_OBJC_WEAK = YES;
				CLANG_WARN_BLOCK_CAPTURE_AUTORELEASING = YES;
				CLANG_WARN_BOOL_CONVERSION = YES;
				CLANG_WARN_COMMA = YES;
				CLANG_WARN_CONSTANT_CONVERSION = YES;
				CLANG_WARN_DEPRECATED_OBJC_IMPLEMENTATIONS = YES;
				CLANG_WARN_DIRECT_OBJC_ISA_USAGE = YES_ERROR;
				CLANG_WARN_DOCUMENTATION_COMMENTS = YES;
				CLANG_WARN_EMPTY_BODY = YES;
				CLANG_WARN_ENUM_CONVERSION = YES;
				CLANG_WARN_INFINITE_RECURSION = YES;
				CLANG_WARN_INT_CONVERSION = YES;
				CLANG_WARN_NON_LITERAL_NULL_CONVERSION = YES;
				CLANG_WARN_OBJC_IMPLICIT_RETAIN_SELF = YES;
				CLANG_WARN_OBJC_LITERAL_CONVERSION = YES;
				CLANG_WARN_OBJC_ROOT_CLASS = YES_ERROR;
				CLANG_WARN_QUOTED_INCLUDE_IN_FRAMEWORK_HEADER = YES;
				CLANG_WARN_RANGE_LOOP_ANALYSIS = YES;
				CLANG_WARN_STRICT_PROTOTYPES = YES;
				CLANG_WARN_SUSPICIOUS_MOVE = YES;
				CLANG_WARN_UNGUARDED_AVAILABILITY = YES_AGGRESSIVE;
				CLANG_WARN_UNREACHABLE_CODE = YES;
				CLANG_WARN__DUPLICATE_METHOD_MATCH = YES;
				COPY_PHASE_STRIP = NO;
				DEBUG_INFORMATION_FORMAT = dwarf;
				ENABLE_STRICT_OBJC_MSGSEND = YES;
				ENABLE_TESTABILITY = YES;
				ENABLE_USER_SCRIPT_SANDBOXING = YES;
				GCC_C_LANGUAGE_STANDARD = gnu17;
				GCC_DYNAMIC_NO_PIC = NO;
				GCC_NO_COMMON_BLOCKS = YES;
				GCC_OPTIMIZATION_LEVEL = 0;
				GCC_PREPROCESSOR_DEFINITIONS = (
					"DEBUG=1",
					"$(inherited)",
				);
				GCC_WARN_64_TO_32_BIT_CONVERSION = YES;
				GCC_WARN_ABOUT_RETURN_TYPE = YES_ERROR;
				GCC_WARN_UNDECLARED_SELECTOR = YES;
				GCC_WARN_UNINITIALIZED_AUTOS = YES_AGGRESSIVE;
				GCC_WARN_UNUSED_FUNCTION = YES;
				GCC_WARN_UNUSED_VARIABLE = YES;
				HEADER_SEARCH_PATHS = "${PROJECT_DIR}/ACPICA/include";
				LOCALIZATION_PREFERS_STRING_CATALOGS = YES;
				MACOSX_DEPLOYMENT_TARGET = 15.4;
				MTL_ENABLE_DEBUG_INFO = INCLUDE_SOURCE;
				MTL_FAST_MATH = YES;
				ONLY_ACTIVE_ARCH = NO;
				SDKROOT = macosx;
				SYSTEM_HEADER_SEARCH_PATHS = "$(PROJECT_DIR)";
				TARGETED_DEVICE_FAMILY = x86_64;
			};
			name = Debug;
		};
		8C084B982DC334D60010499B /* Release */ = {
			isa = XCBuildConfiguration;
			buildSettings = {
				ALWAYS_SEARCH_USER_PATHS = NO;
				ASSETCATALOG_COMPILER_GENERATE_SWIFT_ASSET_SYMBOL_EXTENSIONS = YES;
				CLANG_ANALYZER_NONNULL = YES;
				CLANG_ANALYZER_NUMBER_OBJECT_CONVERSION = YES_AGGRESSIVE;
				CLANG_CXX_LANGUAGE_STANDARD = "gnu++20";
				CLANG_ENABLE_MODULES = YES;
				CLANG_ENABLE_OBJC_ARC = YES;
				CLANG_ENABLE_OBJC_WEAK = YES;
				CLANG_WARN_BLOCK_CAPTURE_AUTORELEASING = YES;
				CLANG_WARN_BOOL_CONVERSION = YES;
				CLANG_WARN_COMMA = YES;
				CLANG_WARN_CONSTANT_CONVERSION = YES;
				CLANG_WARN_DEPRECATED_OBJC_IMPLEMENTATIONS = YES;
				CLANG_WARN_DIRECT_OBJC_ISA_USAGE = YES_ERROR;
				CLANG_WARN_DOCUMENTATION_COMMENTS = YES;
				CLANG_WARN_EMPTY_BODY = YES;
				CLANG_WARN_ENUM_CONVERSION = YES;
				CLANG_WARN_INFINITE_RECURSION = YES;
				CLANG_WARN_INT_CONVERSION = YES;
				CLANG_WARN_NON_LITERAL_NULL_CONVERSION = YES;
				CLANG_WARN_OBJC_IMPLICIT_RETAIN_SELF = YES;
				CLANG_WARN_OBJC_LITERAL_CONVERSION = YES;
				CLANG_WARN_OBJC_ROOT_CLASS = YES_ERROR;
				CLANG_WARN_QUOTED_INCLUDE_IN_FRAMEWORK_HEADER = YES;
				CLANG_WARN_RANGE_LOOP_ANALYSIS = YES;
				CLANG_WARN_STRICT_PROTOTYPES = YES;
				CLANG_WARN_SUSPICIOUS_MOVE = YES;
				CLANG_WARN_UNGUARDED_AVAILABILITY = YES_AGGRESSIVE;
				CLANG_WARN_UNREACHABLE_CODE = YES;
				CLANG_WARN__DUPLICATE_METHOD_MATCH = YES;
				COPY_PHASE_STRIP = NO;
				DEBUG_INFORMATION_FORMAT = "dwarf-with-dsym";
				ENABLE_NS_ASSERTIONS = NO;
				ENABLE_STRICT_OBJC_MSGSEND = YES;
				ENABLE_USER_SCRIPT_SANDBOXING = YES;
				GCC_C_LANGUAGE_STANDARD = gnu17;
				GCC_NO_COMMON_BLOCKS = YES;
				GCC_WARN_64_TO_32_BIT_CONVERSION = YES;
				GCC_WARN_ABOUT_RETURN_TYPE = YES_ERROR;
				GCC_WARN_UNDECLARED_SELECTOR = YES;
				GCC_WARN_UNINITIALIZED_AUTOS = YES_AGGRESSIVE;
				GCC_WARN_UNUSED_FUNCTION = YES;
				GCC_WARN_UNUSED_VARIABLE = YES;
				HEADER_SEARCH_PATHS = "${PROJECT_DIR}/ACPICA/include";
				LOCALIZATION_PREFERS_STRING_CATALOGS = YES;
				MACOSX_DEPLOYMENT_TARGET = 15.4;
				MTL_ENABLE_DEBUG_INFO = NO;
				MTL_FAST_MATH = YES;
				ONLY_ACTIVE_ARCH = NO;
				SDKROOT = macosx;
				SYSTEM_HEADER_SEARCH_PATHS = "$(PROJECT_DIR)";
				TARGETED_DEVICE_FAMILY = x86_64;
			};
			name = Release;
		};
		F043C15F2DE30CDC00349FD5 /* Debug */ = {
			isa = XCBuildConfiguration;
			buildSettings = {
				CLANG_WARN_QUOTED_INCLUDE_IN_FRAMEWORK_HEADER = NO;
				CODE_SIGN_STYLE = Automatic;
				COMBINE_HIDPI_IMAGES = YES;
				CURRENT_PROJECT_VERSION = 1.0.0d1;
				GENERATE_INFOPLIST_FILE = YES;
				INFOPLIST_FILE = PDACPIRTC/Info.plist;
				INFOPLIST_KEY_NSHumanReadableCopyright = "";
				MACOSX_DEPLOYMENT_TARGET = 10.6;
				MARKETING_VERSION = 1.0;
				MODULE_NAME = org.puredarwin.driver.PDACPIRTC;
				MODULE_VERSION = 1.0.0d1;
				ONLY_ACTIVE_ARCH = YES;
				PRODUCT_BUNDLE_IDENTIFIER = org.puredarwin.driver.PDACPIRTC;
				PRODUCT_NAME = "$(TARGET_NAME)";
				RUN_CLANG_STATIC_ANALYZER = YES;
				SWIFT_EMIT_LOC_STRINGS = YES;
				WRAPPER_EXTENSION = kext;
			};
			name = Debug;
		};
		F043C1602DE30CDC00349FD5 /* Release */ = {
			isa = XCBuildConfiguration;
			buildSettings = {
				CLANG_WARN_QUOTED_INCLUDE_IN_FRAMEWORK_HEADER = NO;
				CODE_SIGN_STYLE = Automatic;
				COMBINE_HIDPI_IMAGES = YES;
				CURRENT_PROJECT_VERSION = 1.0.0d1;
				GENERATE_INFOPLIST_FILE = YES;
				INFOPLIST_FILE = PDACPIRTC/Info.plist;
				INFOPLIST_KEY_NSHumanReadableCopyright = "";
				MACOSX_DEPLOYMENT_TARGET = 10.6;
				MARKETING_VERSION = 1.0;
				MODULE_NAME = org.puredarwin.driver.PDACPIRTC;
				MODULE_VERSION = 1.0.0d1;
				PRODUCT_BUNDLE_IDENTIFIER = org.puredarwin.driver.PDACPIRTC;
				PRODUCT_NAME = "$(TARGET_NAME)";
				RUN_CLANG_STATIC_ANALYZER = YES;
				SWIFT_EMIT_LOC_STRINGS = YES;
				WRAPPER_EXTENSION = kext;
			};
			name = Release;
		};
/* End XCBuildConfiguration section */

/* Begin XCConfigurationList section */
		7E5EE13C2EAC8277006AF949 /* Build configuration list for PBXNativeTarget "PDACPIPCIDriver" */ = {
			isa = XCConfigurationList;
			buildConfigurations = (
				7E5EE13D2EAC8277006AF949 /* Debug */,
				7E5EE13E2EAC8277006AF949 /* Release */,
			);
			defaultConfigurationIsVisible = 0;
			defaultConfigurationName = Release;
		};
		7E6561042EA752A20051A78A /* Build configuration list for PBXNativeTarget "libacpica" */ = {
			isa = XCConfigurationList;
			buildConfigurations = (
				7E6561052EA752A20051A78A /* Debug */,
				7E6561062EA752A20051A78A /* Release */,
			);
			defaultConfigurationIsVisible = 0;
			defaultConfigurationName = Release;
		};
		7E65610F2EA754390051A78A /* Build configuration list for PBXNativeTarget "acpidump" */ = {
			isa = XCConfigurationList;
			buildConfigurations = (
				7E6561102EA754390051A78A /* Debug */,
				7E6561112EA754390051A78A /* Release */,
			);
			defaultConfigurationIsVisible = 0;
			defaultConfigurationName = Release;
		};
		7E6561562EA761FD0051A78A /* Build configuration list for PBXNativeTarget "iasl" */ = {
			isa = XCConfigurationList;
			buildConfigurations = (
				7E6561572EA761FD0051A78A /* Debug */,
				7E6561582EA761FD0051A78A /* Release */,
			);
			defaultConfigurationIsVisible = 0;
			defaultConfigurationName = Release;
		};
		8C084B872DC334D50010499B /* Build configuration list for PBXProject "PDACPIPlatform" */ = {
			isa = XCConfigurationList;
			buildConfigurations = (
				8C084B972DC334D60010499B /* Debug */,
				8C084B982DC334D60010499B /* Release */,
			);
			defaultConfigurationIsVisible = 0;
			defaultConfigurationName = Release;
		};
		8C084B942DC334D60010499B /* Build configuration list for PBXNativeTarget "PDACPIPlatform" */ = {
			isa = XCConfigurationList;
			buildConfigurations = (
				8C084B952DC334D60010499B /* Debug */,
				8C084B962DC334D60010499B /* Release */,
			);
			defaultConfigurationIsVisible = 0;
			defaultConfigurationName = Release;
		};
		F043C15E2DE30CDC00349FD5 /* Build configuration list for PBXNativeTarget "PDACPIRTC" */ = {
			isa = XCConfigurationList;
			buildConfigurations = (
				F043C15F2DE30CDC00349FD5 /* Debug */,
				F043C1602DE30CDC00349FD5 /* Release */,
			);
			defaultConfigurationIsVisible = 0;
			defaultConfigurationName = Release;
		};
/* End XCConfigurationList section */
	};
	rootObject = 8C084B842DC334D50010499B /* Project object */;
}
